// !$*UTF8*$!
{
	archiveVersion = 1;
	classes = {
	};
	objectVersion = 50;
	objects = {

/* Begin PBXBuildFile section */
		4A2338DB243C58C2002C0746 /* AppDelegate.swift in Sources */ = {isa = PBXBuildFile; fileRef = 4A2338DA243C58C2002C0746 /* AppDelegate.swift */; };
		4A2338DD243C58C2002C0746 /* SceneDelegate.swift in Sources */ = {isa = PBXBuildFile; fileRef = 4A2338DC243C58C2002C0746 /* SceneDelegate.swift */; };
		4A2338DF243C58C2002C0746 /* ViewController.swift in Sources */ = {isa = PBXBuildFile; fileRef = 4A2338DE243C58C2002C0746 /* ViewController.swift */; };
		4A2338E2243C58C2002C0746 /* Main.storyboard in Resources */ = {isa = PBXBuildFile; fileRef = 4A2338E0243C58C2002C0746 /* Main.storyboard */; };
		4A2338E5243C58C2002C0746 /* Timetable.xcdatamodeld in Sources */ = {isa = PBXBuildFile; fileRef = 4A2338E3243C58C2002C0746 /* Timetable.xcdatamodeld */; };
		4A2338E7243C58C5002C0746 /* Assets.xcassets in Resources */ = {isa = PBXBuildFile; fileRef = 4A2338E6243C58C5002C0746 /* Assets.xcassets */; };
		4A2338EA243C58C5002C0746 /* LaunchScreen.storyboard in Resources */ = {isa = PBXBuildFile; fileRef = 4A2338E8243C58C5002C0746 /* LaunchScreen.storyboard */; };
		4A2338F6243C5BA0002C0746 /* LessonView.xib in Resources */ = {isa = PBXBuildFile; fileRef = 4A2338F5243C5BA0002C0746 /* LessonView.xib */; };
		4A2338F8243C5BFC002C0746 /* LessonView.swift in Sources */ = {isa = PBXBuildFile; fileRef = 4A2338F7243C5BFC002C0746 /* LessonView.swift */; };
		4A2338FA243CA860002C0746 /* Lesson.swift in Sources */ = {isa = PBXBuildFile; fileRef = 4A2338F9243CA860002C0746 /* Lesson.swift */; };
		4A60025F243CD1CC00077C81 /* Colors.swift in Sources */ = {isa = PBXBuildFile; fileRef = 4A60025E243CD1CC00077C81 /* Colors.swift */; };
/* End PBXBuildFile section */

/* Begin PBXFileReference section */
		4A2338D7243C58C2002C0746 /* Timetable.app */ = {isa = PBXFileReference; explicitFileType = wrapper.application; includeInIndex = 0; path = Timetable.app; sourceTree = BUILT_PRODUCTS_DIR; };
		4A2338DA243C58C2002C0746 /* AppDelegate.swift */ = {isa = PBXFileReference; lastKnownFileType = sourcecode.swift; path = AppDelegate.swift; sourceTree = "<group>"; };
		4A2338DC243C58C2002C0746 /* SceneDelegate.swift */ = {isa = PBXFileReference; lastKnownFileType = sourcecode.swift; path = SceneDelegate.swift; sourceTree = "<group>"; };
		4A2338DE243C58C2002C0746 /* ViewController.swift */ = {isa = PBXFileReference; lastKnownFileType = sourcecode.swift; path = ViewController.swift; sourceTree = "<group>"; };
		4A2338E1243C58C2002C0746 /* Base */ = {isa = PBXFileReference; lastKnownFileType = file.storyboard; name = Base; path = Base.lproj/Main.storyboard; sourceTree = "<group>"; };
		4A2338E4243C58C2002C0746 /* Timetable.xcdatamodel */ = {isa = PBXFileReference; lastKnownFileType = wrapper.xcdatamodel; path = Timetable.xcdatamodel; sourceTree = "<group>"; };
		4A2338E6243C58C5002C0746 /* Assets.xcassets */ = {isa = PBXFileReference; lastKnownFileType = folder.assetcatalog; path = Assets.xcassets; sourceTree = "<group>"; };
		4A2338E9243C58C5002C0746 /* Base */ = {isa = PBXFileReference; lastKnownFileType = file.storyboard; name = Base; path = Base.lproj/LaunchScreen.storyboard; sourceTree = "<group>"; };
		4A2338EB243C58C5002C0746 /* Info.plist */ = {isa = PBXFileReference; lastKnownFileType = text.plist.xml; path = Info.plist; sourceTree = "<group>"; };
		4A2338F5243C5BA0002C0746 /* LessonView.xib */ = {isa = PBXFileReference; lastKnownFileType = file.xib; path = LessonView.xib; sourceTree = "<group>"; };
		4A2338F7243C5BFC002C0746 /* LessonView.swift */ = {isa = PBXFileReference; lastKnownFileType = sourcecode.swift; path = LessonView.swift; sourceTree = "<group>"; };
		4A2338F9243CA860002C0746 /* Lesson.swift */ = {isa = PBXFileReference; lastKnownFileType = sourcecode.swift; path = Lesson.swift; sourceTree = "<group>"; };
		4A60025E243CD1CC00077C81 /* Colors.swift */ = {isa = PBXFileReference; lastKnownFileType = sourcecode.swift; path = Colors.swift; sourceTree = "<group>"; };
/* End PBXFileReference section */

/* Begin PBXFrameworksBuildPhase section */
		4A2338D4243C58C2002C0746 /* Frameworks */ = {
			isa = PBXFrameworksBuildPhase;
			buildActionMask = 2147483647;
			files = (
			);
			runOnlyForDeploymentPostprocessing = 0;
		};
/* End PBXFrameworksBuildPhase section */

/* Begin PBXGroup section */
		4A2338CE243C58C2002C0746 = {
			isa = PBXGroup;
			children = (
				4A2338D9243C58C2002C0746 /* Timetable */,
				4A2338D8243C58C2002C0746 /* Products */,
			);
			sourceTree = "<group>";
		};
		4A2338D8243C58C2002C0746 /* Products */ = {
			isa = PBXGroup;
			children = (
				4A2338D7243C58C2002C0746 /* Timetable.app */,
			);
			name = Products;
			sourceTree = "<group>";
		};
		4A2338D9243C58C2002C0746 /* Timetable */ = {
			isa = PBXGroup;
			children = (
				4A2338DA243C58C2002C0746 /* AppDelegate.swift */,
				4A2338DC243C58C2002C0746 /* SceneDelegate.swift */,
				4A2338F3243C5AC7002C0746 /* Model */,
				4A2338F1243C5A94002C0746 /* Storyboards */,
				4A2338F2243C5AAA002C0746 /* ViewControllers */,
				4A2338F4243C5AD4002C0746 /* Views */,
				4A2338E6243C58C5002C0746 /* Assets.xcassets */,
				4A2338EB243C58C5002C0746 /* Info.plist */,
				4A2338E3243C58C2002C0746 /* Timetable.xcdatamodeld */,
			);
			path = Timetable;
			sourceTree = "<group>";
		};
		4A2338F1243C5A94002C0746 /* Storyboards */ = {
			isa = PBXGroup;
			children = (
				4A2338E0243C58C2002C0746 /* Main.storyboard */,
				4A2338E8243C58C5002C0746 /* LaunchScreen.storyboard */,
			);
			path = Storyboards;
			sourceTree = "<group>";
		};
		4A2338F2243C5AAA002C0746 /* ViewControllers */ = {
			isa = PBXGroup;
			children = (
				4A2338DE243C58C2002C0746 /* ViewController.swift */,
			);
			path = ViewControllers;
			sourceTree = "<group>";
		};
		4A2338F3243C5AC7002C0746 /* Model */ = {
			isa = PBXGroup;
			children = (
				4A2338F9243CA860002C0746 /* Lesson.swift */,
			);
			path = Model;
			sourceTree = "<group>";
		};
		4A2338F4243C5AD4002C0746 /* Views */ = {
			isa = PBXGroup;
			children = (
				4A2338F5243C5BA0002C0746 /* LessonView.xib */,
				4A2338F7243C5BFC002C0746 /* LessonView.swift */,
				4A60025E243CD1CC00077C81 /* Colors.swift */,
			);
			path = Views;
			sourceTree = "<group>";
		};
/* End PBXGroup section */

/* Begin PBXNativeTarget section */
		4A2338D6243C58C2002C0746 /* Timetable */ = {
			isa = PBXNativeTarget;
			buildConfigurationList = 4A2338EE243C58C5002C0746 /* Build configuration list for PBXNativeTarget "Timetable" */;
			buildPhases = (
				4A2338D3243C58C2002C0746 /* Sources */,
				4A2338D4243C58C2002C0746 /* Frameworks */,
				4A2338D5243C58C2002C0746 /* Resources */,
			);
			buildRules = (
			);
			dependencies = (
			);
			name = Timetable;
			productName = Timetable;
			productReference = 4A2338D7243C58C2002C0746 /* Timetable.app */;
			productType = "com.apple.product-type.application";
		};
/* End PBXNativeTarget section */

/* Begin PBXProject section */
		4A2338CF243C58C2002C0746 /* Project object */ = {
			isa = PBXProject;
			attributes = {
				LastSwiftUpdateCheck = 1130;
				LastUpgradeCheck = 1130;
				ORGANIZATIONNAME = "art-off";
				TargetAttributes = {
					4A2338D6243C58C2002C0746 = {
						CreatedOnToolsVersion = 11.3;
					};
				};
			};
			buildConfigurationList = 4A2338D2243C58C2002C0746 /* Build configuration list for PBXProject "Timetable" */;
			compatibilityVersion = "Xcode 9.3";
			developmentRegion = en;
			hasScannedForEncodings = 0;
			knownRegions = (
				en,
				Base,
			);
			mainGroup = 4A2338CE243C58C2002C0746;
			productRefGroup = 4A2338D8243C58C2002C0746 /* Products */;
			projectDirPath = "";
			projectRoot = "";
			targets = (
				4A2338D6243C58C2002C0746 /* Timetable */,
			);
		};
/* End PBXProject section */

/* Begin PBXResourcesBuildPhase section */
		4A2338D5243C58C2002C0746 /* Resources */ = {
			isa = PBXResourcesBuildPhase;
			buildActionMask = 2147483647;
			files = (
				4A2338EA243C58C5002C0746 /* LaunchScreen.storyboard in Resources */,
				4A2338E7243C58C5002C0746 /* Assets.xcassets in Resources */,
				4A2338F6243C5BA0002C0746 /* LessonView.xib in Resources */,
				4A2338E2243C58C2002C0746 /* Main.storyboard in Resources */,
			);
			runOnlyForDeploymentPostprocessing = 0;
		};
/* End PBXResourcesBuildPhase section */

/* Begin PBXSourcesBuildPhase section */
		4A2338D3243C58C2002C0746 /* Sources */ = {
			isa = PBXSourcesBuildPhase;
			buildActionMask = 2147483647;
			files = (
				4A2338DF243C58C2002C0746 /* ViewController.swift in Sources */,
				4A2338E5243C58C2002C0746 /* Timetable.xcdatamodeld in Sources */,
				4A2338F8243C5BFC002C0746 /* LessonView.swift in Sources */,
				4A60025F243CD1CC00077C81 /* Colors.swift in Sources */,
				4A2338FA243CA860002C0746 /* Lesson.swift in Sources */,
				4A2338DB243C58C2002C0746 /* AppDelegate.swift in Sources */,
				4A2338DD243C58C2002C0746 /* SceneDelegate.swift in Sources */,
			);
			runOnlyForDeploymentPostprocessing = 0;
		};
/* End PBXSourcesBuildPhase section */

/* Begin PBXVariantGroup section */
		4A2338E0243C58C2002C0746 /* Main.storyboard */ = {
			isa = PBXVariantGroup;
			children = (
				4A2338E1243C58C2002C0746 /* Base */,
			);
			name = Main.storyboard;
			sourceTree = "<group>";
		};
		4A2338E8243C58C5002C0746 /* LaunchScreen.storyboard */ = {
			isa = PBXVariantGroup;
			children = (
				4A2338E9243C58C5002C0746 /* Base */,
			);
			name = LaunchScreen.storyboard;
			sourceTree = "<group>";
		};
/* End PBXVariantGroup section */

/* Begin XCBuildConfiguration section */
		4A2338EC243C58C5002C0746 /* Debug */ = {
			isa = XCBuildConfiguration;
			buildSettings = {
				ALWAYS_SEARCH_USER_PATHS = NO;
				CLANG_ANALYZER_NONNULL = YES;
				CLANG_ANALYZER_NUMBER_OBJECT_CONVERSION = YES_AGGRESSIVE;
				CLANG_CXX_LANGUAGE_STANDARD = "gnu++14";
				CLANG_CXX_LIBRARY = "libc++";
				CLANG_ENABLE_MODULES = YES;
				CLANG_ENABLE_OBJC_ARC = YES;
				CLANG_ENABLE_OBJC_WEAK = YES;
				CLANG_WARN_BLOCK_CAPTURE_AUTORELEASING = YES;
				CLANG_WARN_BOOL_CONVERSION = YES;
				CLANG_WARN_COMMA = YES;
				CLANG_WARN_CONSTANT_CONVERSION = YES;
				CLANG_WARN_DEPRECATED_OBJC_IMPLEMENTATIONS = YES;
				CLANG_WARN_DIRECT_OBJC_ISA_USAGE = YES_ERROR;
				CLANG_WARN_DOCUMENTATION_COMMENTS = YES;
				CLANG_WARN_EMPTY_BODY = YES;
				CLANG_WARN_ENUM_CONVERSION = YES;
				CLANG_WARN_INFINITE_RECURSION = YES;
				CLANG_WARN_INT_CONVERSION = YES;
				CLANG_WARN_NON_LITERAL_NULL_CONVERSION = YES;
				CLANG_WARN_OBJC_IMPLICIT_RETAIN_SELF = YES;
				CLANG_WARN_OBJC_LITERAL_CONVERSION = YES;
				CLANG_WARN_OBJC_ROOT_CLASS = YES_ERROR;
				CLANG_WARN_RANGE_LOOP_ANALYSIS = YES;
				CLANG_WARN_STRICT_PROTOTYPES = YES;
				CLANG_WARN_SUSPICIOUS_MOVE = YES;
				CLANG_WARN_UNGUARDED_AVAILABILITY = YES_AGGRESSIVE;
				CLANG_WARN_UNREACHABLE_CODE = YES;
				CLANG_WARN__DUPLICATE_METHOD_MATCH = YES;
				COPY_PHASE_STRIP = NO;
				DEBUG_INFORMATION_FORMAT = dwarf;
				ENABLE_STRICT_OBJC_MSGSEND = YES;
				ENABLE_TESTABILITY = YES;
				GCC_C_LANGUAGE_STANDARD = gnu11;
				GCC_DYNAMIC_NO_PIC = NO;
				GCC_NO_COMMON_BLOCKS = YES;
				GCC_OPTIMIZATION_LEVEL = 0;
				GCC_PREPROCESSOR_DEFINITIONS = (
					"DEBUG=1",
					"$(inherited)",
				);
				GCC_WARN_64_TO_32_BIT_CONVERSION = YES;
				GCC_WARN_ABOUT_RETURN_TYPE = YES_ERROR;
				GCC_WARN_UNDECLARED_SELECTOR = YES;
				GCC_WARN_UNINITIALIZED_AUTOS = YES_AGGRESSIVE;
				GCC_WARN_UNUSED_FUNCTION = YES;
				GCC_WARN_UNUSED_VARIABLE = YES;
				IPHONEOS_DEPLOYMENT_TARGET = 12.0;
				MTL_ENABLE_DEBUG_INFO = INCLUDE_SOURCE;
				MTL_FAST_MATH = YES;
				ONLY_ACTIVE_ARCH = YES;
				SDKROOT = iphoneos;
				SWIFT_ACTIVE_COMPILATION_CONDITIONS = DEBUG;
				SWIFT_OPTIMIZATION_LEVEL = "-Onone";
			};
			name = Debug;
		};
		4A2338ED243C58C5002C0746 /* Release */ = {
			isa = XCBuildConfiguration;
			buildSettings = {
				ALWAYS_SEARCH_USER_PATHS = NO;
				CLANG_ANALYZER_NONNULL = YES;
				CLANG_ANALYZER_NUMBER_OBJECT_CONVERSION = YES_AGGRESSIVE;
				CLANG_CXX_LANGUAGE_STANDARD = "gnu++14";
				CLANG_CXX_LIBRARY = "libc++";
				CLANG_ENABLE_MODULES = YES;
				CLANG_ENABLE_OBJC_ARC = YES;
				CLANG_ENABLE_OBJC_WEAK = YES;
				CLANG_WARN_BLOCK_CAPTURE_AUTORELEASING = YES;
				CLANG_WARN_BOOL_CONVERSION = YES;
				CLANG_WARN_COMMA = YES;
				CLANG_WARN_CONSTANT_CONVERSION = YES;
				CLANG_WARN_DEPRECATED_OBJC_IMPLEMENTATIONS = YES;
				CLANG_WARN_DIRECT_OBJC_ISA_USAGE = YES_ERROR;
				CLANG_WARN_DOCUMENTATION_COMMENTS = YES;
				CLANG_WARN_EMPTY_BODY = YES;
				CLANG_WARN_ENUM_CONVERSION = YES;
				CLANG_WARN_INFINITE_RECURSION = YES;
				CLANG_WARN_INT_CONVERSION = YES;
				CLANG_WARN_NON_LITERAL_NULL_CONVERSION = YES;
				CLANG_WARN_OBJC_IMPLICIT_RETAIN_SELF = YES;
				CLANG_WARN_OBJC_LITERAL_CONVERSION = YES;
				CLANG_WARN_OBJC_ROOT_CLASS = YES_ERROR;
				CLANG_WARN_RANGE_LOOP_ANALYSIS = YES;
				CLANG_WARN_STRICT_PROTOTYPES = YES;
				CLANG_WARN_SUSPICIOUS_MOVE = YES;
				CLANG_WARN_UNGUARDED_AVAILABILITY = YES_AGGRESSIVE;
				CLANG_WARN_UNREACHABLE_CODE = YES;
				CLANG_WARN__DUPLICATE_METHOD_MATCH = YES;
				COPY_PHASE_STRIP = NO;
				DEBUG_INFORMATION_FORMAT = "dwarf-with-dsym";
				ENABLE_NS_ASSERTIONS = NO;
				ENABLE_STRICT_OBJC_MSGSEND = YES;
				GCC_C_LANGUAGE_STANDARD = gnu11;
				GCC_NO_COMMON_BLOCKS = YES;
				GCC_WARN_64_TO_32_BIT_CONVERSION = YES;
				GCC_WARN_ABOUT_RETURN_TYPE = YES_ERROR;
				GCC_WARN_UNDECLARED_SELECTOR = YES;
				GCC_WARN_UNINITIALIZED_AUTOS = YES_AGGRESSIVE;
				GCC_WARN_UNUSED_FUNCTION = YES;
				GCC_WARN_UNUSED_VARIABLE = YES;
				IPHONEOS_DEPLOYMENT_TARGET = 12.0;
				MTL_ENABLE_DEBUG_INFO = NO;
				MTL_FAST_MATH = YES;
				SDKROOT = iphoneos;
				SWIFT_COMPILATION_MODE = wholemodule;
				SWIFT_OPTIMIZATION_LEVEL = "-O";
				VALIDATE_PRODUCT = YES;
			};
			name = Release;
		};
		4A2338EF243C58C5002C0746 /* Debug */ = {
			isa = XCBuildConfiguration;
			buildSettings = {
				ASSETCATALOG_COMPILER_APPICON_NAME = AppIcon;
				CODE_SIGN_STYLE = Automatic;
				DEVELOPMENT_TEAM = HM9WL9QKWM;
				INFOPLIST_FILE = Timetable/Info.plist;
				LD_RUNPATH_SEARCH_PATHS = (
					"$(inherited)",
					"@executable_path/Frameworks",
				);
				PRODUCT_BUNDLE_IDENTIFIER = "ooo.Timetable-SibSU";
				PRODUCT_NAME = "$(TARGET_NAME)";
				SWIFT_VERSION = 5.0;
				TARGETED_DEVICE_FAMILY = "1,2";
			};
			name = Debug;
		};
		4A2338F0243C58C5002C0746 /* Release */ = {
			isa = XCBuildConfiguration;
			buildSettings = {
				ASSETCATALOG_COMPILER_APPICON_NAME = AppIcon;
				CODE_SIGN_STYLE = Automatic;
				DEVELOPMENT_TEAM = HM9WL9QKWM;
				INFOPLIST_FILE = Timetable/Info.plist;
				LD_RUNPATH_SEARCH_PATHS = (
					"$(inherited)",
					"@executable_path/Frameworks",
				);
				PRODUCT_BUNDLE_IDENTIFIER = "ooo.Timetable-SibSU";
				PRODUCT_NAME = "$(TARGET_NAME)";
				SWIFT_VERSION = 5.0;
				TARGETED_DEVICE_FAMILY = "1,2";
			};
			name = Release;
		};
/* End XCBuildConfiguration section */

/* Begin XCConfigurationList section */
		4A2338D2243C58C2002C0746 /* Build configuration list for PBXProject "Timetable" */ = {
			isa = XCConfigurationList;
			buildConfigurations = (
				4A2338EC243C58C5002C0746 /* Debug */,
				4A2338ED243C58C5002C0746 /* Release */,
			);
			defaultConfigurationIsVisible = 0;
			defaultConfigurationName = Release;
		};
		4A2338EE243C58C5002C0746 /* Build configuration list for PBXNativeTarget "Timetable" */ = {
			isa = XCConfigurationList;
			buildConfigurations = (
				4A2338EF243C58C5002C0746 /* Debug */,
				4A2338F0243C58C5002C0746 /* Release */,
			);
			defaultConfigurationIsVisible = 0;
			defaultConfigurationName = Release;
		};
/* End XCConfigurationList section */

/* Begin XCVersionGroup section */
		4A2338E3243C58C2002C0746 /* Timetable.xcdatamodeld */ = {
			isa = XCVersionGroup;
			children = (
				4A2338E4243C58C2002C0746 /* Timetable.xcdatamodel */,
			);
			currentVersion = 4A2338E4243C58C2002C0746 /* Timetable.xcdatamodel */;
			path = Timetable.xcdatamodeld;
			sourceTree = "<group>";
			versionGroupType = wrapper.xcdatamodel;
		};
/* End XCVersionGroup section */
	};
	rootObject = 4A2338CF243C58C2002C0746 /* Project object */;
}
