// !$*UTF8*$!
{
	archiveVersion = 1;
	classes = {
	};
	objectVersion = 50;
	objects = {

/* Begin PBXBuildFile section */
		31CCDB5DD4C3128432E8B38B /* libPods-Timetable.a in Frameworks */ = {isa = PBXBuildFile; fileRef = 4A0D13F800DFF7E9ACAE03D3 /* libPods-Timetable.a */; };
		4A2338DB243C58C2002C0746 /* AppDelegate.swift in Sources */ = {isa = PBXBuildFile; fileRef = 4A2338DA243C58C2002C0746 /* AppDelegate.swift */; };
		4A2338DD243C58C2002C0746 /* SceneDelegate.swift in Sources */ = {isa = PBXBuildFile; fileRef = 4A2338DC243C58C2002C0746 /* SceneDelegate.swift */; };
		4A2338E2243C58C2002C0746 /* Main.storyboard in Resources */ = {isa = PBXBuildFile; fileRef = 4A2338E0243C58C2002C0746 /* Main.storyboard */; };
		4A2338E7243C58C5002C0746 /* Assets.xcassets in Resources */ = {isa = PBXBuildFile; fileRef = 4A2338E6243C58C5002C0746 /* Assets.xcassets */; };
		4A2338EA243C58C5002C0746 /* LaunchScreen.storyboard in Resources */ = {isa = PBXBuildFile; fileRef = 4A2338E8243C58C5002C0746 /* LaunchScreen.storyboard */; };
		4A2338F8243C5BFC002C0746 /* LessonView.swift in Sources */ = {isa = PBXBuildFile; fileRef = 4A2338F7243C5BFC002C0746 /* LessonView.swift */; };
		4A2338FA243CA860002C0746 /* Lesson.swift in Sources */ = {isa = PBXBuildFile; fileRef = 4A2338F9243CA860002C0746 /* Lesson.swift */; };
		4A415E652458561F005FADD7 /* RGroup.swift in Sources */ = {isa = PBXBuildFile; fileRef = 4A415E642458561F005FADD7 /* RGroup.swift */; };
		4A415E6724585627005FADD7 /* RProfessor.swift in Sources */ = {isa = PBXBuildFile; fileRef = 4A415E6624585627005FADD7 /* RProfessor.swift */; };
		4A415E692458562D005FADD7 /* RPlace.swift in Sources */ = {isa = PBXBuildFile; fileRef = 4A415E682458562D005FADD7 /* RPlace.swift */; };
		4A415E6E2458584F005FADD7 /* RGroupLesson.swift in Sources */ = {isa = PBXBuildFile; fileRef = 4A415E6D2458584F005FADD7 /* RGroupLesson.swift */; };
		4A415E702458586B005FADD7 /* RGroupDay.swift in Sources */ = {isa = PBXBuildFile; fileRef = 4A415E6F2458586B005FADD7 /* RGroupDay.swift */; };
		4A415E7224585886005FADD7 /* RGroupWeek.swift in Sources */ = {isa = PBXBuildFile; fileRef = 4A415E7124585886005FADD7 /* RGroupWeek.swift */; };
		4A415E74245858A0005FADD7 /* RGroupTimetable.swift in Sources */ = {isa = PBXBuildFile; fileRef = 4A415E73245858A0005FADD7 /* RGroupTimetable.swift */; };
		4A415E7A245859BD005FADD7 /* RProfessorLesson.swift in Sources */ = {isa = PBXBuildFile; fileRef = 4A415E79245859BD005FADD7 /* RProfessorLesson.swift */; };
		4A415E7F245859FE005FADD7 /* RProfessorDay.swift in Sources */ = {isa = PBXBuildFile; fileRef = 4A415E7E245859FE005FADD7 /* RProfessorDay.swift */; };
		4A415E8124585A12005FADD7 /* RProfessorWeek.swift in Sources */ = {isa = PBXBuildFile; fileRef = 4A415E8024585A12005FADD7 /* RProfessorWeek.swift */; };
		4A415E8324585A28005FADD7 /* RProfessorTimetable.swift in Sources */ = {isa = PBXBuildFile; fileRef = 4A415E8224585A28005FADD7 /* RProfessorTimetable.swift */; };
		4A415E8824585B5D005FADD7 /* RPlaceLesson.swift in Sources */ = {isa = PBXBuildFile; fileRef = 4A415E8724585B5D005FADD7 /* RPlaceLesson.swift */; };
		4A415E8A24585BD2005FADD7 /* RPlaceDay.swift in Sources */ = {isa = PBXBuildFile; fileRef = 4A415E8924585BD2005FADD7 /* RPlaceDay.swift */; };
		4A415E8C24585BE5005FADD7 /* RPlaceWeek.swift in Sources */ = {isa = PBXBuildFile; fileRef = 4A415E8B24585BE5005FADD7 /* RPlaceWeek.swift */; };
		4A415E8E24585BF9005FADD7 /* RPlaceTimetable.swift in Sources */ = {isa = PBXBuildFile; fileRef = 4A415E8D24585BF9005FADD7 /* RPlaceTimetable.swift */; };
		4A415E9624585E6E005FADD7 /* RGroupExam.swift in Sources */ = {isa = PBXBuildFile; fileRef = 4A415E9524585E6E005FADD7 /* RGroupExam.swift */; };
		4A415E9824585E87005FADD7 /* RGroupSession.swift in Sources */ = {isa = PBXBuildFile; fileRef = 4A415E9724585E87005FADD7 /* RGroupSession.swift */; };
		4A415E9A24585E9F005FADD7 /* RProfessorExam.swift in Sources */ = {isa = PBXBuildFile; fileRef = 4A415E9924585E9F005FADD7 /* RProfessorExam.swift */; };
		4A415E9C24585EB5005FADD7 /* RProfessorSession.swift in Sources */ = {isa = PBXBuildFile; fileRef = 4A415E9B24585EB5005FADD7 /* RProfessorSession.swift */; };
		4A415E9E24585ED0005FADD7 /* RPlaceExam.swift in Sources */ = {isa = PBXBuildFile; fileRef = 4A415E9D24585ED0005FADD7 /* RPlaceExam.swift */; };
		4A415EA024585EED005FADD7 /* RPlaceSession.swift in Sources */ = {isa = PBXBuildFile; fileRef = 4A415E9F24585EED005FADD7 /* RPlaceSession.swift */; };
		4A415EA4245864BF005FADD7 /* Realm+CascadeDeleting.swift in Sources */ = {isa = PBXBuildFile; fileRef = 4A415EA3245864BF005FADD7 /* Realm+CascadeDeleting.swift */; };
		4A4C94AB245B58E4008105DE /* DataManager.swift in Sources */ = {isa = PBXBuildFile; fileRef = 4A4C94AA245B58E4008105DE /* DataManager.swift */; };
		4A60025F243CD1CC00077C81 /* Colors.swift in Sources */ = {isa = PBXBuildFile; fileRef = 4A60025E243CD1CC00077C81 /* Colors.swift */; };
		4A610863243F0AF3008BCB90 /* UIView+addConstraints.swift in Sources */ = {isa = PBXBuildFile; fileRef = 4A610862243F0AF3008BCB90 /* UIView+addConstraints.swift */; };
		4A610865243FAE77008BCB90 /* UIStackView+remove.swift in Sources */ = {isa = PBXBuildFile; fileRef = 4A610864243FAE77008BCB90 /* UIStackView+remove.swift */; };
		4A67A375245C49B5003765D2 /* ChoiceSearchViewController.swift in Sources */ = {isa = PBXBuildFile; fileRef = 4A67A374245C49B5003765D2 /* ChoiceSearchViewController.swift */; };
		4A67A37C245C7BA7003765D2 /* GroupsTableViewController.swift in Sources */ = {isa = PBXBuildFile; fileRef = 4A67A37B245C7BA7003765D2 /* GroupsTableViewController.swift */; };
		4A67CBDB248D28AC00F1D1FA /* API.swift in Sources */ = {isa = PBXBuildFile; fileRef = 4A67CBDA248D28AC00F1D1FA /* API.swift */; };
		4A6C1CF7246B28890048CD1A /* DetailViewController.swift in Sources */ = {isa = PBXBuildFile; fileRef = 4A6C1CF5246B28890048CD1A /* DetailViewController.swift */; };
		4A87DF7D246EC576007CA804 /* ProfessorsTableViewController.swift in Sources */ = {isa = PBXBuildFile; fileRef = 4A87DF7C246EC576007CA804 /* ProfessorsTableViewController.swift */; };
		4A87DF7F246ED9AB007CA804 /* PlacesTableViewController.swift in Sources */ = {isa = PBXBuildFile; fileRef = 4A87DF7E246ED9AB007CA804 /* PlacesTableViewController.swift */; };
		4A920773245DCFF800D050EB /* TimetableViewController.swift in Sources */ = {isa = PBXBuildFile; fileRef = 4A920772245DCFF800D050EB /* TimetableViewController.swift */; };
		4A920777245DDEED00D050EB /* MenuCell.swift in Sources */ = {isa = PBXBuildFile; fileRef = 4A920776245DDEED00D050EB /* MenuCell.swift */; };
		4A920779245DDF4000D050EB /* MenuCell.xib in Resources */ = {isa = PBXBuildFile; fileRef = 4A920778245DDF4000D050EB /* MenuCell.xib */; };
		4A9207A424604B2400D050EB /* Notification+Name.swift in Sources */ = {isa = PBXBuildFile; fileRef = 4A9207A324604B2400D050EB /* Notification+Name.swift */; };
		4A9207A724604E7900D050EB /* EntitiesType.swift in Sources */ = {isa = PBXBuildFile; fileRef = 4A9207A624604E7900D050EB /* EntitiesType.swift */; };
		4A9207A924604F8200D050EB /* Week.swift in Sources */ = {isa = PBXBuildFile; fileRef = 4A9207A824604F8200D050EB /* Week.swift */; };
		4A9207AB24604FC300D050EB /* Day.swift in Sources */ = {isa = PBXBuildFile; fileRef = 4A9207AA24604FC300D050EB /* Day.swift */; };
		4A9207AD2460531400D050EB /* Common.swift in Sources */ = {isa = PBXBuildFile; fileRef = 4A9207AC2460531400D050EB /* Common.swift */; };
		4A9207B1246061AA00D050EB /* RProfessorConsultations.swift in Sources */ = {isa = PBXBuildFile; fileRef = 4A9207B0246061AA00D050EB /* RProfessorConsultations.swift */; };
		4A9207B3246061FD00D050EB /* RProfessorConsultation.swift in Sources */ = {isa = PBXBuildFile; fileRef = 4A9207B2246061FD00D050EB /* RProfessorConsultation.swift */; };
		4A9207B5246062D000D050EB /* RProfessorConsultationDay.swift in Sources */ = {isa = PBXBuildFile; fileRef = 4A9207B4246062D000D050EB /* RProfessorConsultationDay.swift */; };
		4A9207B7246063A700D050EB /* RProfessorConsultationWeek.swift in Sources */ = {isa = PBXBuildFile; fileRef = 4A9207B6246063A700D050EB /* RProfessorConsultationWeek.swift */; };
		4A9207B924606DE200D050EB /* SubgroupProfessorVeiw.swift in Sources */ = {isa = PBXBuildFile; fileRef = 4A9207B824606DE200D050EB /* SubgroupProfessorVeiw.swift */; };
		4A9207BB24606F2C00D050EB /* SubgroupPlaceView.swift in Sources */ = {isa = PBXBuildFile; fileRef = 4A9207BA24606F2C00D050EB /* SubgroupPlaceView.swift */; };
		4A9C9138243DCB04009F67A8 /* GroupSubgroupView.xib in Resources */ = {isa = PBXBuildFile; fileRef = 4A9C9137243DCB04009F67A8 /* GroupSubgroupView.xib */; };
		4A9C913A243DCB3E009F67A8 /* GroupSubgroupView.swift in Sources */ = {isa = PBXBuildFile; fileRef = 4A9C9139243DCB3E009F67A8 /* GroupSubgroupView.swift */; };
		4AC345F42471773400BAA474 /* DetailViewDelegate.swift in Sources */ = {isa = PBXBuildFile; fileRef = 4AC345F32471773400BAA474 /* DetailViewDelegate.swift */; };
		4AC345F62471922200BAA474 /* RGroup+newObject.swift in Sources */ = {isa = PBXBuildFile; fileRef = 4AC345F52471922200BAA474 /* RGroup+newObject.swift */; };
		4AC345F8247192A100BAA474 /* RProfessor+newObject.swift in Sources */ = {isa = PBXBuildFile; fileRef = 4AC345F7247192A100BAA474 /* RProfessor+newObject.swift */; };
		4AC345FC2471930D00BAA474 /* RPlace+newObject.swift in Sources */ = {isa = PBXBuildFile; fileRef = 4AC345FB2471930D00BAA474 /* RPlace+newObject.swift */; };
		4AC64C352472643600081D55 /* TableViewController.swift in Sources */ = {isa = PBXBuildFile; fileRef = 4AC64C342472643600081D55 /* TableViewController.swift */; };
		4AC64C3A2472BA9100081D55 /* GettingEntities.swift in Sources */ = {isa = PBXBuildFile; fileRef = 4AC64C392472BA9100081D55 /* GettingEntities.swift */; };
		4AC64C3C2472BACB00081D55 /* WritingEntities.swift in Sources */ = {isa = PBXBuildFile; fileRef = 4AC64C3B2472BACB00081D55 /* WritingEntities.swift */; };
		4AC64C3E2472BAE800081D55 /* DeletingEntities.swift in Sources */ = {isa = PBXBuildFile; fileRef = 4AC64C3D2472BAE800081D55 /* DeletingEntities.swift */; };
		4AC64C402472BB5F00081D55 /* GettingTimetable.swift in Sources */ = {isa = PBXBuildFile; fileRef = 4AC64C3F2472BB5F00081D55 /* GettingTimetable.swift */; };
		4AC64C422472BB8D00081D55 /* GettingConsultations.swift in Sources */ = {isa = PBXBuildFile; fileRef = 4AC64C412472BB8D00081D55 /* GettingConsultations.swift */; };
		4AC64C442472BBAD00081D55 /* GettingSession.swift in Sources */ = {isa = PBXBuildFile; fileRef = 4AC64C432472BBAD00081D55 /* GettingSession.swift */; };
		4AC64C4D2472F84300081D55 /* AlertView.swift in Sources */ = {isa = PBXBuildFile; fileRef = 4AC64C4C2472F84300081D55 /* AlertView.swift */; };
		4AC64C4F2472F8C400081D55 /* AlertView.xib in Resources */ = {isa = PBXBuildFile; fileRef = 4AC64C4E2472F8C400081D55 /* AlertView.xib */; };
		4AC64C5B2473FAC000081D55 /* UIDevice+vibrate.swift in Sources */ = {isa = PBXBuildFile; fileRef = 4AC64C5A2473FABF00081D55 /* UIDevice+vibrate.swift */; };
		4AC64C6024742D1800081D55 /* WritingTimetable.swift in Sources */ = {isa = PBXBuildFile; fileRef = 4AC64C5F24742D1800081D55 /* WritingTimetable.swift */; };
		4AC64C6224742EC500081D55 /* WritingConsultations.swift in Sources */ = {isa = PBXBuildFile; fileRef = 4AC64C6124742EC500081D55 /* WritingConsultations.swift */; };
		4AC64C6424742EFD00081D55 /* WritingSession.swift in Sources */ = {isa = PBXBuildFile; fileRef = 4AC64C6324742EFD00081D55 /* WritingSession.swift */; };
		4AC64C6724750E8800081D55 /* UserDefaultsWrapper.swift in Sources */ = {isa = PBXBuildFile; fileRef = 4AC64C6624750E8700081D55 /* UserDefaultsWrapper.swift */; };
		4AC64C692475159C00081D55 /* UserDefaultsConfig.swift in Sources */ = {isa = PBXBuildFile; fileRef = 4AC64C682475159C00081D55 /* UserDefaultsConfig.swift */; };
		4AC64C6B24756A8C00081D55 /* GroupDayViewController.swift in Sources */ = {isa = PBXBuildFile; fileRef = 4AC64C6A24756A8C00081D55 /* GroupDayViewController.swift */; };
		4AC64C6E24757D1500081D55 /* GroupLesson.swift in Sources */ = {isa = PBXBuildFile; fileRef = 4AC64C6D24757D1500081D55 /* GroupLesson.swift */; };
		4AC64C7024757D3F00081D55 /* GroupDay.swift in Sources */ = {isa = PBXBuildFile; fileRef = 4AC64C6F24757D3F00081D55 /* GroupDay.swift */; };
		4AC64C7224757D7A00081D55 /* GroupWeek.swift in Sources */ = {isa = PBXBuildFile; fileRef = 4AC64C7124757D7A00081D55 /* GroupWeek.swift */; };
		4AC64C7624757F6400081D55 /* GroupTimetable.swift in Sources */ = {isa = PBXBuildFile; fileRef = 4AC64C7524757F6400081D55 /* GroupTimetable.swift */; };
		4AC64C7C2477B44100081D55 /* WrapperViewWithLabel.swift in Sources */ = {isa = PBXBuildFile; fileRef = 4AC64C7B2477B44100081D55 /* WrapperViewWithLabel.swift */; };
		4AC64C7F2477C34300081D55 /* SessionViewController.swift in Sources */ = {isa = PBXBuildFile; fileRef = 4AC64C7E2477C34300081D55 /* SessionViewController.swift */; };
		4AC64C832477F63D00081D55 /* AdditionalViewController.swift in Sources */ = {isa = PBXBuildFile; fileRef = 4AC64C822477F63D00081D55 /* AdditionalViewController.swift */; };
		4AC64C872479728700081D55 /* ProfessorSubgroupView.swift in Sources */ = {isa = PBXBuildFile; fileRef = 4AC64C862479728700081D55 /* ProfessorSubgroupView.swift */; };
		4AC64C892479730100081D55 /* ProfessorSubgroupView.xib in Resources */ = {isa = PBXBuildFile; fileRef = 4AC64C882479730100081D55 /* ProfessorSubgroupView.xib */; };
		4AC64C8B2479A6C700081D55 /* ProfessorDayViewController.swift in Sources */ = {isa = PBXBuildFile; fileRef = 4AC64C8A2479A6C700081D55 /* ProfessorDayViewController.swift */; };
		4AC64C8E2479A71000081D55 /* ProfessorLesson.swift in Sources */ = {isa = PBXBuildFile; fileRef = 4AC64C8D2479A71000081D55 /* ProfessorLesson.swift */; };
		4AC64C902479A71800081D55 /* ProfessorWeek.swift in Sources */ = {isa = PBXBuildFile; fileRef = 4AC64C8F2479A71800081D55 /* ProfessorWeek.swift */; };
		4AC64C922479A72100081D55 /* ProfessorDay.swift in Sources */ = {isa = PBXBuildFile; fileRef = 4AC64C912479A72100081D55 /* ProfessorDay.swift */; };
		4AC64C942479A72900081D55 /* ProfessorTimetable.swift in Sources */ = {isa = PBXBuildFile; fileRef = 4AC64C932479A72900081D55 /* ProfessorTimetable.swift */; };
		4AC64C96247A3AC100081D55 /* PlaceDayViewController.swift in Sources */ = {isa = PBXBuildFile; fileRef = 4AC64C95247A3AC100081D55 /* PlaceDayViewController.swift */; };
		4AC64C99247A3D5600081D55 /* PlaceSubgroupView.swift in Sources */ = {isa = PBXBuildFile; fileRef = 4AC64C98247A3D5600081D55 /* PlaceSubgroupView.swift */; };
		4AC64C9B247A3E1D00081D55 /* PlaceSubgroupView.xib in Resources */ = {isa = PBXBuildFile; fileRef = 4AC64C9A247A3E1C00081D55 /* PlaceSubgroupView.xib */; };
		4AC64C9E247A400700081D55 /* PlaceLesson.swift in Sources */ = {isa = PBXBuildFile; fileRef = 4AC64C9D247A400700081D55 /* PlaceLesson.swift */; };
		4AC64CA0247A400E00081D55 /* PlaceDay.swift in Sources */ = {isa = PBXBuildFile; fileRef = 4AC64C9F247A400E00081D55 /* PlaceDay.swift */; };
		4AC64CA2247A401400081D55 /* PlaceWeek.swift in Sources */ = {isa = PBXBuildFile; fileRef = 4AC64CA1247A401400081D55 /* PlaceWeek.swift */; };
		4AC64CA4247A401C00081D55 /* PlaceTimetable.swift in Sources */ = {isa = PBXBuildFile; fileRef = 4AC64CA3247A401C00081D55 /* PlaceTimetable.swift */; };
		4AC64CA6247AF72700081D55 /* DayViewController.swift in Sources */ = {isa = PBXBuildFile; fileRef = 4AC64CA5247AF72700081D55 /* DayViewController.swift */; };
		4AC64CAB247C3F3200081D55 /* DateHelper.swift in Sources */ = {isa = PBXBuildFile; fileRef = 4AC64CAA247C3F3200081D55 /* DateHelper.swift */; };
		4AD694FC247EBCCB00A4A2B7 /* Converter.swift in Sources */ = {isa = PBXBuildFile; fileRef = 4AD694FB247EBCCB00A4A2B7 /* Converter.swift */; };
		4AD69512248049C600A4A2B7 /* Date+Exnentions.swift in Sources */ = {isa = PBXBuildFile; fileRef = 4AD69511248049C600A4A2B7 /* Date+Exnentions.swift */; };
		4AD6951424811E7800A4A2B7 /* DateFormatter+shortDateFormatter.swift in Sources */ = {isa = PBXBuildFile; fileRef = 4AD6951324811E7800A4A2B7 /* DateFormatter+shortDateFormatter.swift */; };
/* End PBXBuildFile section */

/* Begin PBXFileReference section */
		4A0D13F800DFF7E9ACAE03D3 /* libPods-Timetable.a */ = {isa = PBXFileReference; explicitFileType = archive.ar; includeInIndex = 0; path = "libPods-Timetable.a"; sourceTree = BUILT_PRODUCTS_DIR; };
		4A2338D7243C58C2002C0746 /* Timetable.app */ = {isa = PBXFileReference; explicitFileType = wrapper.application; includeInIndex = 0; path = Timetable.app; sourceTree = BUILT_PRODUCTS_DIR; };
		4A2338DA243C58C2002C0746 /* AppDelegate.swift */ = {isa = PBXFileReference; lastKnownFileType = sourcecode.swift; path = AppDelegate.swift; sourceTree = "<group>"; };
		4A2338DC243C58C2002C0746 /* SceneDelegate.swift */ = {isa = PBXFileReference; lastKnownFileType = sourcecode.swift; path = SceneDelegate.swift; sourceTree = "<group>"; };
		4A2338E1243C58C2002C0746 /* Base */ = {isa = PBXFileReference; lastKnownFileType = file.storyboard; name = Base; path = Base.lproj/Main.storyboard; sourceTree = "<group>"; };
		4A2338E6243C58C5002C0746 /* Assets.xcassets */ = {isa = PBXFileReference; lastKnownFileType = folder.assetcatalog; path = Assets.xcassets; sourceTree = "<group>"; };
		4A2338E9243C58C5002C0746 /* Base */ = {isa = PBXFileReference; lastKnownFileType = file.storyboard; name = Base; path = Base.lproj/LaunchScreen.storyboard; sourceTree = "<group>"; };
		4A2338EB243C58C5002C0746 /* Info.plist */ = {isa = PBXFileReference; lastKnownFileType = text.plist.xml; path = Info.plist; sourceTree = "<group>"; };
		4A2338F7243C5BFC002C0746 /* LessonView.swift */ = {isa = PBXFileReference; lastKnownFileType = sourcecode.swift; path = LessonView.swift; sourceTree = "<group>"; };
		4A2338F9243CA860002C0746 /* Lesson.swift */ = {isa = PBXFileReference; lastKnownFileType = sourcecode.swift; path = Lesson.swift; sourceTree = "<group>"; };
		4A415E642458561F005FADD7 /* RGroup.swift */ = {isa = PBXFileReference; lastKnownFileType = sourcecode.swift; path = RGroup.swift; sourceTree = "<group>"; };
		4A415E6624585627005FADD7 /* RProfessor.swift */ = {isa = PBXFileReference; lastKnownFileType = sourcecode.swift; path = RProfessor.swift; sourceTree = "<group>"; };
		4A415E682458562D005FADD7 /* RPlace.swift */ = {isa = PBXFileReference; lastKnownFileType = sourcecode.swift; path = RPlace.swift; sourceTree = "<group>"; };
		4A415E6D2458584F005FADD7 /* RGroupLesson.swift */ = {isa = PBXFileReference; lastKnownFileType = sourcecode.swift; path = RGroupLesson.swift; sourceTree = "<group>"; };
		4A415E6F2458586B005FADD7 /* RGroupDay.swift */ = {isa = PBXFileReference; lastKnownFileType = sourcecode.swift; path = RGroupDay.swift; sourceTree = "<group>"; };
		4A415E7124585886005FADD7 /* RGroupWeek.swift */ = {isa = PBXFileReference; lastKnownFileType = sourcecode.swift; path = RGroupWeek.swift; sourceTree = "<group>"; };
		4A415E73245858A0005FADD7 /* RGroupTimetable.swift */ = {isa = PBXFileReference; lastKnownFileType = sourcecode.swift; path = RGroupTimetable.swift; sourceTree = "<group>"; };
		4A415E79245859BD005FADD7 /* RProfessorLesson.swift */ = {isa = PBXFileReference; lastKnownFileType = sourcecode.swift; path = RProfessorLesson.swift; sourceTree = "<group>"; };
		4A415E7E245859FE005FADD7 /* RProfessorDay.swift */ = {isa = PBXFileReference; lastKnownFileType = sourcecode.swift; path = RProfessorDay.swift; sourceTree = "<group>"; };
		4A415E8024585A12005FADD7 /* RProfessorWeek.swift */ = {isa = PBXFileReference; lastKnownFileType = sourcecode.swift; path = RProfessorWeek.swift; sourceTree = "<group>"; };
		4A415E8224585A28005FADD7 /* RProfessorTimetable.swift */ = {isa = PBXFileReference; lastKnownFileType = sourcecode.swift; path = RProfessorTimetable.swift; sourceTree = "<group>"; };
		4A415E8724585B5D005FADD7 /* RPlaceLesson.swift */ = {isa = PBXFileReference; lastKnownFileType = sourcecode.swift; path = RPlaceLesson.swift; sourceTree = "<group>"; };
		4A415E8924585BD2005FADD7 /* RPlaceDay.swift */ = {isa = PBXFileReference; lastKnownFileType = sourcecode.swift; path = RPlaceDay.swift; sourceTree = "<group>"; };
		4A415E8B24585BE5005FADD7 /* RPlaceWeek.swift */ = {isa = PBXFileReference; lastKnownFileType = sourcecode.swift; path = RPlaceWeek.swift; sourceTree = "<group>"; };
		4A415E8D24585BF9005FADD7 /* RPlaceTimetable.swift */ = {isa = PBXFileReference; lastKnownFileType = sourcecode.swift; path = RPlaceTimetable.swift; sourceTree = "<group>"; };
		4A415E9524585E6E005FADD7 /* RGroupExam.swift */ = {isa = PBXFileReference; lastKnownFileType = sourcecode.swift; path = RGroupExam.swift; sourceTree = "<group>"; };
		4A415E9724585E87005FADD7 /* RGroupSession.swift */ = {isa = PBXFileReference; lastKnownFileType = sourcecode.swift; path = RGroupSession.swift; sourceTree = "<group>"; };
		4A415E9924585E9F005FADD7 /* RProfessorExam.swift */ = {isa = PBXFileReference; lastKnownFileType = sourcecode.swift; path = RProfessorExam.swift; sourceTree = "<group>"; };
		4A415E9B24585EB5005FADD7 /* RProfessorSession.swift */ = {isa = PBXFileReference; lastKnownFileType = sourcecode.swift; path = RProfessorSession.swift; sourceTree = "<group>"; };
		4A415E9D24585ED0005FADD7 /* RPlaceExam.swift */ = {isa = PBXFileReference; lastKnownFileType = sourcecode.swift; path = RPlaceExam.swift; sourceTree = "<group>"; };
		4A415E9F24585EED005FADD7 /* RPlaceSession.swift */ = {isa = PBXFileReference; lastKnownFileType = sourcecode.swift; path = RPlaceSession.swift; sourceTree = "<group>"; };
		4A415EA3245864BF005FADD7 /* Realm+CascadeDeleting.swift */ = {isa = PBXFileReference; lastKnownFileType = sourcecode.swift; path = "Realm+CascadeDeleting.swift"; sourceTree = "<group>"; };
		4A4C94AA245B58E4008105DE /* DataManager.swift */ = {isa = PBXFileReference; lastKnownFileType = sourcecode.swift; path = DataManager.swift; sourceTree = "<group>"; };
		4A60025E243CD1CC00077C81 /* Colors.swift */ = {isa = PBXFileReference; lastKnownFileType = sourcecode.swift; path = Colors.swift; sourceTree = "<group>"; };
		4A610862243F0AF3008BCB90 /* UIView+addConstraints.swift */ = {isa = PBXFileReference; lastKnownFileType = sourcecode.swift; path = "UIView+addConstraints.swift"; sourceTree = "<group>"; };
		4A610864243FAE77008BCB90 /* UIStackView+remove.swift */ = {isa = PBXFileReference; lastKnownFileType = sourcecode.swift; path = "UIStackView+remove.swift"; sourceTree = "<group>"; };
		4A67A374245C49B5003765D2 /* ChoiceSearchViewController.swift */ = {isa = PBXFileReference; lastKnownFileType = sourcecode.swift; path = ChoiceSearchViewController.swift; sourceTree = "<group>"; };
		4A67A37B245C7BA7003765D2 /* GroupsTableViewController.swift */ = {isa = PBXFileReference; lastKnownFileType = sourcecode.swift; path = GroupsTableViewController.swift; sourceTree = "<group>"; };
		4A67CBDA248D28AC00F1D1FA /* API.swift */ = {isa = PBXFileReference; lastKnownFileType = sourcecode.swift; path = API.swift; sourceTree = "<group>"; };
		4A6C1CF5246B28890048CD1A /* DetailViewController.swift */ = {isa = PBXFileReference; lastKnownFileType = sourcecode.swift; path = DetailViewController.swift; sourceTree = "<group>"; };
		4A87DF7C246EC576007CA804 /* ProfessorsTableViewController.swift */ = {isa = PBXFileReference; lastKnownFileType = sourcecode.swift; path = ProfessorsTableViewController.swift; sourceTree = "<group>"; };
		4A87DF7E246ED9AB007CA804 /* PlacesTableViewController.swift */ = {isa = PBXFileReference; lastKnownFileType = sourcecode.swift; path = PlacesTableViewController.swift; sourceTree = "<group>"; };
		4A920772245DCFF800D050EB /* TimetableViewController.swift */ = {isa = PBXFileReference; lastKnownFileType = sourcecode.swift; path = TimetableViewController.swift; sourceTree = "<group>"; };
		4A920776245DDEED00D050EB /* MenuCell.swift */ = {isa = PBXFileReference; lastKnownFileType = sourcecode.swift; path = MenuCell.swift; sourceTree = "<group>"; };
		4A920778245DDF4000D050EB /* MenuCell.xib */ = {isa = PBXFileReference; lastKnownFileType = file.xib; path = MenuCell.xib; sourceTree = "<group>"; };
		4A9207A324604B2400D050EB /* Notification+Name.swift */ = {isa = PBXFileReference; lastKnownFileType = sourcecode.swift; path = "Notification+Name.swift"; sourceTree = "<group>"; };
		4A9207A624604E7900D050EB /* EntitiesType.swift */ = {isa = PBXFileReference; lastKnownFileType = sourcecode.swift; path = EntitiesType.swift; sourceTree = "<group>"; };
		4A9207A824604F8200D050EB /* Week.swift */ = {isa = PBXFileReference; lastKnownFileType = sourcecode.swift; path = Week.swift; sourceTree = "<group>"; };
		4A9207AA24604FC300D050EB /* Day.swift */ = {isa = PBXFileReference; lastKnownFileType = sourcecode.swift; path = Day.swift; sourceTree = "<group>"; };
		4A9207AC2460531400D050EB /* Common.swift */ = {isa = PBXFileReference; lastKnownFileType = sourcecode.swift; path = Common.swift; sourceTree = "<group>"; };
		4A9207B0246061AA00D050EB /* RProfessorConsultations.swift */ = {isa = PBXFileReference; lastKnownFileType = sourcecode.swift; path = RProfessorConsultations.swift; sourceTree = "<group>"; };
		4A9207B2246061FD00D050EB /* RProfessorConsultation.swift */ = {isa = PBXFileReference; lastKnownFileType = sourcecode.swift; path = RProfessorConsultation.swift; sourceTree = "<group>"; };
		4A9207B4246062D000D050EB /* RProfessorConsultationDay.swift */ = {isa = PBXFileReference; lastKnownFileType = sourcecode.swift; path = RProfessorConsultationDay.swift; sourceTree = "<group>"; };
		4A9207B6246063A700D050EB /* RProfessorConsultationWeek.swift */ = {isa = PBXFileReference; lastKnownFileType = sourcecode.swift; path = RProfessorConsultationWeek.swift; sourceTree = "<group>"; };
		4A9207B824606DE200D050EB /* SubgroupProfessorVeiw.swift */ = {isa = PBXFileReference; lastKnownFileType = sourcecode.swift; path = SubgroupProfessorVeiw.swift; sourceTree = "<group>"; };
		4A9207BA24606F2C00D050EB /* SubgroupPlaceView.swift */ = {isa = PBXFileReference; lastKnownFileType = sourcecode.swift; path = SubgroupPlaceView.swift; sourceTree = "<group>"; };
		4A9C9137243DCB04009F67A8 /* GroupSubgroupView.xib */ = {isa = PBXFileReference; lastKnownFileType = file.xib; path = GroupSubgroupView.xib; sourceTree = "<group>"; };
		4A9C9139243DCB3E009F67A8 /* GroupSubgroupView.swift */ = {isa = PBXFileReference; lastKnownFileType = sourcecode.swift; path = GroupSubgroupView.swift; sourceTree = "<group>"; };
		4AC345F32471773400BAA474 /* DetailViewDelegate.swift */ = {isa = PBXFileReference; lastKnownFileType = sourcecode.swift; path = DetailViewDelegate.swift; sourceTree = "<group>"; };
		4AC345F52471922200BAA474 /* RGroup+newObject.swift */ = {isa = PBXFileReference; lastKnownFileType = sourcecode.swift; path = "RGroup+newObject.swift"; sourceTree = "<group>"; };
		4AC345F7247192A100BAA474 /* RProfessor+newObject.swift */ = {isa = PBXFileReference; lastKnownFileType = sourcecode.swift; path = "RProfessor+newObject.swift"; sourceTree = "<group>"; };
		4AC345FB2471930D00BAA474 /* RPlace+newObject.swift */ = {isa = PBXFileReference; lastKnownFileType = sourcecode.swift; path = "RPlace+newObject.swift"; sourceTree = "<group>"; };
		4AC64C342472643600081D55 /* TableViewController.swift */ = {isa = PBXFileReference; lastKnownFileType = sourcecode.swift; path = TableViewController.swift; sourceTree = "<group>"; };
		4AC64C392472BA9100081D55 /* GettingEntities.swift */ = {isa = PBXFileReference; lastKnownFileType = sourcecode.swift; path = GettingEntities.swift; sourceTree = "<group>"; };
		4AC64C3B2472BACB00081D55 /* WritingEntities.swift */ = {isa = PBXFileReference; lastKnownFileType = sourcecode.swift; path = WritingEntities.swift; sourceTree = "<group>"; };
		4AC64C3D2472BAE800081D55 /* DeletingEntities.swift */ = {isa = PBXFileReference; lastKnownFileType = sourcecode.swift; path = DeletingEntities.swift; sourceTree = "<group>"; };
		4AC64C3F2472BB5F00081D55 /* GettingTimetable.swift */ = {isa = PBXFileReference; lastKnownFileType = sourcecode.swift; path = GettingTimetable.swift; sourceTree = "<group>"; };
		4AC64C412472BB8D00081D55 /* GettingConsultations.swift */ = {isa = PBXFileReference; lastKnownFileType = sourcecode.swift; path = GettingConsultations.swift; sourceTree = "<group>"; };
		4AC64C432472BBAD00081D55 /* GettingSession.swift */ = {isa = PBXFileReference; lastKnownFileType = sourcecode.swift; path = GettingSession.swift; sourceTree = "<group>"; };
		4AC64C4C2472F84300081D55 /* AlertView.swift */ = {isa = PBXFileReference; lastKnownFileType = sourcecode.swift; path = AlertView.swift; sourceTree = "<group>"; };
		4AC64C4E2472F8C400081D55 /* AlertView.xib */ = {isa = PBXFileReference; lastKnownFileType = file.xib; path = AlertView.xib; sourceTree = "<group>"; };
		4AC64C5A2473FABF00081D55 /* UIDevice+vibrate.swift */ = {isa = PBXFileReference; lastKnownFileType = sourcecode.swift; path = "UIDevice+vibrate.swift"; sourceTree = "<group>"; };
		4AC64C5F24742D1800081D55 /* WritingTimetable.swift */ = {isa = PBXFileReference; lastKnownFileType = sourcecode.swift; path = WritingTimetable.swift; sourceTree = "<group>"; };
		4AC64C6124742EC500081D55 /* WritingConsultations.swift */ = {isa = PBXFileReference; lastKnownFileType = sourcecode.swift; path = WritingConsultations.swift; sourceTree = "<group>"; };
		4AC64C6324742EFD00081D55 /* WritingSession.swift */ = {isa = PBXFileReference; lastKnownFileType = sourcecode.swift; path = WritingSession.swift; sourceTree = "<group>"; };
		4AC64C6624750E8700081D55 /* UserDefaultsWrapper.swift */ = {isa = PBXFileReference; lastKnownFileType = sourcecode.swift; path = UserDefaultsWrapper.swift; sourceTree = "<group>"; };
		4AC64C682475159C00081D55 /* UserDefaultsConfig.swift */ = {isa = PBXFileReference; lastKnownFileType = sourcecode.swift; path = UserDefaultsConfig.swift; sourceTree = "<group>"; };
		4AC64C6A24756A8C00081D55 /* GroupDayViewController.swift */ = {isa = PBXFileReference; lastKnownFileType = sourcecode.swift; path = GroupDayViewController.swift; sourceTree = "<group>"; };
		4AC64C6D24757D1500081D55 /* GroupLesson.swift */ = {isa = PBXFileReference; lastKnownFileType = sourcecode.swift; path = GroupLesson.swift; sourceTree = "<group>"; };
		4AC64C6F24757D3F00081D55 /* GroupDay.swift */ = {isa = PBXFileReference; lastKnownFileType = sourcecode.swift; path = GroupDay.swift; sourceTree = "<group>"; };
		4AC64C7124757D7A00081D55 /* GroupWeek.swift */ = {isa = PBXFileReference; lastKnownFileType = sourcecode.swift; path = GroupWeek.swift; sourceTree = "<group>"; };
		4AC64C7524757F6400081D55 /* GroupTimetable.swift */ = {isa = PBXFileReference; lastKnownFileType = sourcecode.swift; path = GroupTimetable.swift; sourceTree = "<group>"; };
		4AC64C7B2477B44100081D55 /* WrapperViewWithLabel.swift */ = {isa = PBXFileReference; lastKnownFileType = sourcecode.swift; path = WrapperViewWithLabel.swift; sourceTree = "<group>"; };
		4AC64C7E2477C34300081D55 /* SessionViewController.swift */ = {isa = PBXFileReference; lastKnownFileType = sourcecode.swift; path = SessionViewController.swift; sourceTree = "<group>"; };
		4AC64C822477F63D00081D55 /* AdditionalViewController.swift */ = {isa = PBXFileReference; lastKnownFileType = sourcecode.swift; path = AdditionalViewController.swift; sourceTree = "<group>"; };
		4AC64C862479728700081D55 /* ProfessorSubgroupView.swift */ = {isa = PBXFileReference; lastKnownFileType = sourcecode.swift; path = ProfessorSubgroupView.swift; sourceTree = "<group>"; };
		4AC64C882479730100081D55 /* ProfessorSubgroupView.xib */ = {isa = PBXFileReference; lastKnownFileType = file.xib; path = ProfessorSubgroupView.xib; sourceTree = "<group>"; };
		4AC64C8A2479A6C700081D55 /* ProfessorDayViewController.swift */ = {isa = PBXFileReference; lastKnownFileType = sourcecode.swift; path = ProfessorDayViewController.swift; sourceTree = "<group>"; };
		4AC64C8D2479A71000081D55 /* ProfessorLesson.swift */ = {isa = PBXFileReference; lastKnownFileType = sourcecode.swift; path = ProfessorLesson.swift; sourceTree = "<group>"; };
		4AC64C8F2479A71800081D55 /* ProfessorWeek.swift */ = {isa = PBXFileReference; lastKnownFileType = sourcecode.swift; path = ProfessorWeek.swift; sourceTree = "<group>"; };
		4AC64C912479A72100081D55 /* ProfessorDay.swift */ = {isa = PBXFileReference; lastKnownFileType = sourcecode.swift; path = ProfessorDay.swift; sourceTree = "<group>"; };
		4AC64C932479A72900081D55 /* ProfessorTimetable.swift */ = {isa = PBXFileReference; lastKnownFileType = sourcecode.swift; path = ProfessorTimetable.swift; sourceTree = "<group>"; };
		4AC64C95247A3AC100081D55 /* PlaceDayViewController.swift */ = {isa = PBXFileReference; lastKnownFileType = sourcecode.swift; path = PlaceDayViewController.swift; sourceTree = "<group>"; };
		4AC64C98247A3D5600081D55 /* PlaceSubgroupView.swift */ = {isa = PBXFileReference; lastKnownFileType = sourcecode.swift; path = PlaceSubgroupView.swift; sourceTree = "<group>"; };
		4AC64C9A247A3E1C00081D55 /* PlaceSubgroupView.xib */ = {isa = PBXFileReference; lastKnownFileType = file.xib; path = PlaceSubgroupView.xib; sourceTree = "<group>"; };
		4AC64C9D247A400700081D55 /* PlaceLesson.swift */ = {isa = PBXFileReference; lastKnownFileType = sourcecode.swift; path = PlaceLesson.swift; sourceTree = "<group>"; };
		4AC64C9F247A400E00081D55 /* PlaceDay.swift */ = {isa = PBXFileReference; lastKnownFileType = sourcecode.swift; path = PlaceDay.swift; sourceTree = "<group>"; };
		4AC64CA1247A401400081D55 /* PlaceWeek.swift */ = {isa = PBXFileReference; lastKnownFileType = sourcecode.swift; path = PlaceWeek.swift; sourceTree = "<group>"; };
		4AC64CA3247A401C00081D55 /* PlaceTimetable.swift */ = {isa = PBXFileReference; lastKnownFileType = sourcecode.swift; path = PlaceTimetable.swift; sourceTree = "<group>"; };
		4AC64CA5247AF72700081D55 /* DayViewController.swift */ = {isa = PBXFileReference; lastKnownFileType = sourcecode.swift; path = DayViewController.swift; sourceTree = "<group>"; };
		4AC64CAA247C3F3200081D55 /* DateHelper.swift */ = {isa = PBXFileReference; lastKnownFileType = sourcecode.swift; path = DateHelper.swift; sourceTree = "<group>"; };
		4AD694FB247EBCCB00A4A2B7 /* Converter.swift */ = {isa = PBXFileReference; lastKnownFileType = sourcecode.swift; path = Converter.swift; sourceTree = "<group>"; };
		4AD69511248049C600A4A2B7 /* Date+Exnentions.swift */ = {isa = PBXFileReference; lastKnownFileType = sourcecode.swift; path = "Date+Exnentions.swift"; sourceTree = "<group>"; };
		4AD6951324811E7800A4A2B7 /* DateFormatter+shortDateFormatter.swift */ = {isa = PBXFileReference; lastKnownFileType = sourcecode.swift; path = "DateFormatter+shortDateFormatter.swift"; sourceTree = "<group>"; };
		C5E21437120D1879818B1CFF /* Pods-Timetable.release.xcconfig */ = {isa = PBXFileReference; includeInIndex = 1; lastKnownFileType = text.xcconfig; name = "Pods-Timetable.release.xcconfig"; path = "Target Support Files/Pods-Timetable/Pods-Timetable.release.xcconfig"; sourceTree = "<group>"; };
		EEB8593AA93F4C799B58DCA8 /* Pods-Timetable.debug.xcconfig */ = {isa = PBXFileReference; includeInIndex = 1; lastKnownFileType = text.xcconfig; name = "Pods-Timetable.debug.xcconfig"; path = "Target Support Files/Pods-Timetable/Pods-Timetable.debug.xcconfig"; sourceTree = "<group>"; };
/* End PBXFileReference section */

/* Begin PBXFrameworksBuildPhase section */
		4A2338D4243C58C2002C0746 /* Frameworks */ = {
			isa = PBXFrameworksBuildPhase;
			buildActionMask = 2147483647;
			files = (
				31CCDB5DD4C3128432E8B38B /* libPods-Timetable.a in Frameworks */,
			);
			runOnlyForDeploymentPostprocessing = 0;
		};
/* End PBXFrameworksBuildPhase section */

/* Begin PBXGroup section */
		2C82DCF9BCB3EE5EE7427EBE /* Pods */ = {
			isa = PBXGroup;
			children = (
				EEB8593AA93F4C799B58DCA8 /* Pods-Timetable.debug.xcconfig */,
				C5E21437120D1879818B1CFF /* Pods-Timetable.release.xcconfig */,
			);
			path = Pods;
			sourceTree = "<group>";
		};
		4A2338CE243C58C2002C0746 = {
			isa = PBXGroup;
			children = (
				4A2338D9243C58C2002C0746 /* Timetable */,
				4A2338D8243C58C2002C0746 /* Products */,
				2C82DCF9BCB3EE5EE7427EBE /* Pods */,
				65C6908D043D41676AB2D7E3 /* Frameworks */,
			);
			sourceTree = "<group>";
		};
		4A2338D8243C58C2002C0746 /* Products */ = {
			isa = PBXGroup;
			children = (
				4A2338D7243C58C2002C0746 /* Timetable.app */,
			);
			name = Products;
			sourceTree = "<group>";
		};
		4A2338D9243C58C2002C0746 /* Timetable */ = {
			isa = PBXGroup;
			children = (
				4A2338DA243C58C2002C0746 /* AppDelegate.swift */,
				4A9207AC2460531400D050EB /* Common.swift */,
				4A2338DC243C58C2002C0746 /* SceneDelegate.swift */,
				4A610861243F0AD8008BCB90 /* Extensions */,
				4A2338F1243C5A94002C0746 /* Storyboards */,
				4A2338F2243C5AAA002C0746 /* ViewControllers */,
				4A2338F4243C5AD4002C0746 /* Views */,
				4A2338F3243C5AC7002C0746 /* Model */,
				4A2338E6243C58C5002C0746 /* Assets.xcassets */,
				4A2338EB243C58C5002C0746 /* Info.plist */,
			);
			path = Timetable;
			sourceTree = "<group>";
		};
		4A2338F1243C5A94002C0746 /* Storyboards */ = {
			isa = PBXGroup;
			children = (
				4A2338E0243C58C2002C0746 /* Main.storyboard */,
				4A2338E8243C58C5002C0746 /* LaunchScreen.storyboard */,
			);
			path = Storyboards;
			sourceTree = "<group>";
		};
		4A2338F2243C5AAA002C0746 /* ViewControllers */ = {
			isa = PBXGroup;
			children = (
				4A6C1CF2246B26270048CD1A /* Timetable */,
				4AC64C7D2477C2FD00081D55 /* Session */,
				4A6C1CF3246B26EF0048CD1A /* Search */,
				4AC64C812477F60000081D55 /* Additional */,
			);
			path = ViewControllers;
			sourceTree = "<group>";
		};
		4A2338F3243C5AC7002C0746 /* Model */ = {
			isa = PBXGroup;
			children = (
				4A67CBD9248D278300F1D1FA /* API */,
				4A9207A524604E5E00D050EB /* Enums */,
				4AC64C6524750E1800081D55 /* UserDefaults */,
				4A4C94A9245B58B1008105DE /* DataManager */,
				4AC64C6C24757CCB00081D55 /* Structures */,
				4A60025E243CD1CC00077C81 /* Colors.swift */,
				4AD695102480499300A4A2B7 /* DeteHelper */,
			);
			path = Model;
			sourceTree = "<group>";
		};
		4A2338F4243C5AD4002C0746 /* Views */ = {
			isa = PBXGroup;
			children = (
				4AC64C7A2477B3FB00081D55 /* General */,
				4AC64C482472C43D00081D55 /* Timetable */,
				4AC64C4B2472C5A300081D55 /* Search */,
				4AC64C492472C4E000081D55 /* Unused */,
			);
			path = Views;
			sourceTree = "<group>";
		};
		4A415E61245855A8005FADD7 /* Realm */ = {
			isa = PBXGroup;
			children = (
				4A415EA224586488005FADD7 /* Extensions */,
				4A415E62245855DD005FADD7 /* Entities */,
				4A415E6B24585802005FADD7 /* Timetable */,
				4A415E9124585D60005FADD7 /* Session (пока не использутся) */,
				4A9207AE246060F400D050EB /* Consultation (пока не используется) */,
			);
			path = Realm;
			sourceTree = "<group>";
		};
		4A415E62245855DD005FADD7 /* Entities */ = {
			isa = PBXGroup;
			children = (
				4A415E642458561F005FADD7 /* RGroup.swift */,
				4A415E6624585627005FADD7 /* RProfessor.swift */,
				4A415E682458562D005FADD7 /* RPlace.swift */,
			);
			path = Entities;
			sourceTree = "<group>";
		};
		4A415E6B24585802005FADD7 /* Timetable */ = {
			isa = PBXGroup;
			children = (
				4A415E6C24585816005FADD7 /* GroupTimetable */,
				4A415E7724585986005FADD7 /* ProfessorTimetable */,
				4A415E8624585B33005FADD7 /* PlaceTimetable */,
			);
			path = Timetable;
			sourceTree = "<group>";
		};
		4A415E6C24585816005FADD7 /* GroupTimetable */ = {
			isa = PBXGroup;
			children = (
				4A415E6D2458584F005FADD7 /* RGroupLesson.swift */,
				4A415E6F2458586B005FADD7 /* RGroupDay.swift */,
				4A415E7124585886005FADD7 /* RGroupWeek.swift */,
				4A415E73245858A0005FADD7 /* RGroupTimetable.swift */,
			);
			path = GroupTimetable;
			sourceTree = "<group>";
		};
		4A415E7724585986005FADD7 /* ProfessorTimetable */ = {
			isa = PBXGroup;
			children = (
				4A415E79245859BD005FADD7 /* RProfessorLesson.swift */,
				4A415E7E245859FE005FADD7 /* RProfessorDay.swift */,
				4A415E8024585A12005FADD7 /* RProfessorWeek.swift */,
				4A415E8224585A28005FADD7 /* RProfessorTimetable.swift */,
			);
			path = ProfessorTimetable;
			sourceTree = "<group>";
		};
		4A415E8624585B33005FADD7 /* PlaceTimetable */ = {
			isa = PBXGroup;
			children = (
				4A415E8724585B5D005FADD7 /* RPlaceLesson.swift */,
				4A415E8924585BD2005FADD7 /* RPlaceDay.swift */,
				4A415E8B24585BE5005FADD7 /* RPlaceWeek.swift */,
				4A415E8D24585BF9005FADD7 /* RPlaceTimetable.swift */,
			);
			path = PlaceTimetable;
			sourceTree = "<group>";
		};
		4A415E9124585D60005FADD7 /* Session (пока не использутся) */ = {
			isa = PBXGroup;
			children = (
				4A415E9224585E33005FADD7 /* GroupSession */,
				4A415E9324585E3D005FADD7 /* ProfessorSession */,
				4A415E9424585E45005FADD7 /* PlaceSession */,
			);
			path = "Session (пока не использутся)";
			sourceTree = "<group>";
		};
		4A415E9224585E33005FADD7 /* GroupSession */ = {
			isa = PBXGroup;
			children = (
				4A415E9524585E6E005FADD7 /* RGroupExam.swift */,
				4A415E9724585E87005FADD7 /* RGroupSession.swift */,
			);
			path = GroupSession;
			sourceTree = "<group>";
		};
		4A415E9324585E3D005FADD7 /* ProfessorSession */ = {
			isa = PBXGroup;
			children = (
				4A415E9924585E9F005FADD7 /* RProfessorExam.swift */,
				4A415E9B24585EB5005FADD7 /* RProfessorSession.swift */,
			);
			path = ProfessorSession;
			sourceTree = "<group>";
		};
		4A415E9424585E45005FADD7 /* PlaceSession */ = {
			isa = PBXGroup;
			children = (
				4A415E9D24585ED0005FADD7 /* RPlaceExam.swift */,
				4A415E9F24585EED005FADD7 /* RPlaceSession.swift */,
			);
			path = PlaceSession;
			sourceTree = "<group>";
		};
		4A415EA224586488005FADD7 /* Extensions */ = {
			isa = PBXGroup;
			children = (
				4A415EA3245864BF005FADD7 /* Realm+CascadeDeleting.swift */,
				4AC345F52471922200BAA474 /* RGroup+newObject.swift */,
				4AC345F7247192A100BAA474 /* RProfessor+newObject.swift */,
				4AC345FB2471930D00BAA474 /* RPlace+newObject.swift */,
			);
			path = Extensions;
			sourceTree = "<group>";
		};
		4A4C94A9245B58B1008105DE /* DataManager */ = {
			isa = PBXGroup;
			children = (
				4AC64C372472BA6B00081D55 /* Protocols */,
				4A4C94AA245B58E4008105DE /* DataManager.swift */,
				4AD694FB247EBCCB00A4A2B7 /* Converter.swift */,
				4A415E61245855A8005FADD7 /* Realm */,
			);
			path = DataManager;
			sourceTree = "<group>";
		};
		4A610861243F0AD8008BCB90 /* Extensions */ = {
			isa = PBXGroup;
			children = (
				4A610862243F0AF3008BCB90 /* UIView+addConstraints.swift */,
				4A610864243FAE77008BCB90 /* UIStackView+remove.swift */,
				4A9207A324604B2400D050EB /* Notification+Name.swift */,
				4AC64C5A2473FABF00081D55 /* UIDevice+vibrate.swift */,
			);
			path = Extensions;
			sourceTree = "<group>";
		};
		4A67CBD9248D278300F1D1FA /* API */ = {
			isa = PBXGroup;
			children = (
				4A67CBDA248D28AC00F1D1FA /* API.swift */,
			);
			path = API;
			sourceTree = "<group>";
		};
		4A6C1CF2246B26270048CD1A /* Timetable */ = {
			isa = PBXGroup;
			children = (
				4A920772245DCFF800D050EB /* TimetableViewController.swift */,
				4AC64CA5247AF72700081D55 /* DayViewController.swift */,
				4AC64CA7247AF94200081D55 /* Unused */,
			);
			path = Timetable;
			sourceTree = "<group>";
		};
		4A6C1CF3246B26EF0048CD1A /* Search */ = {
			isa = PBXGroup;
			children = (
				4AC345F32471773400BAA474 /* DetailViewDelegate.swift */,
				4A67A374245C49B5003765D2 /* ChoiceSearchViewController.swift */,
				4AC64C342472643600081D55 /* TableViewController.swift */,
				4A6C1CF5246B28890048CD1A /* DetailViewController.swift */,
				4AC64C362472988600081D55 /* Unused */,
			);
			path = Search;
			sourceTree = "<group>";
		};
		4A9207A524604E5E00D050EB /* Enums */ = {
			isa = PBXGroup;
			children = (
				4A9207A624604E7900D050EB /* EntitiesType.swift */,
			);
			path = Enums;
			sourceTree = "<group>";
		};
		4A9207AE246060F400D050EB /* Consultation (пока не используется) */ = {
			isa = PBXGroup;
			children = (
				4A9207AF2460617A00D050EB /* ProfessorConsultation */,
			);
			path = "Consultation (пока не используется)";
			sourceTree = "<group>";
		};
		4A9207AF2460617A00D050EB /* ProfessorConsultation */ = {
			isa = PBXGroup;
			children = (
				4A9207B2246061FD00D050EB /* RProfessorConsultation.swift */,
				4A9207B4246062D000D050EB /* RProfessorConsultationDay.swift */,
				4A9207B6246063A700D050EB /* RProfessorConsultationWeek.swift */,
				4A9207B0246061AA00D050EB /* RProfessorConsultations.swift */,
			);
			path = ProfessorConsultation;
			sourceTree = "<group>";
		};
		4AC64C362472988600081D55 /* Unused */ = {
			isa = PBXGroup;
			children = (
				4A67A37B245C7BA7003765D2 /* GroupsTableViewController.swift */,
				4A87DF7C246EC576007CA804 /* ProfessorsTableViewController.swift */,
				4A87DF7E246ED9AB007CA804 /* PlacesTableViewController.swift */,
			);
			path = Unused;
			sourceTree = "<group>";
		};
		4AC64C372472BA6B00081D55 /* Protocols */ = {
			isa = PBXGroup;
			children = (
				4AC64C382472BA7B00081D55 /* Entities */,
				4AC64C5C24742CBC00081D55 /* Timetable */,
				4AC64C5D24742CC900081D55 /* Consultations */,
				4AC64C5E24742CD900081D55 /* Session */,
			);
			path = Protocols;
			sourceTree = "<group>";
		};
		4AC64C382472BA7B00081D55 /* Entities */ = {
			isa = PBXGroup;
			children = (
				4AC64C392472BA9100081D55 /* GettingEntities.swift */,
				4AC64C3B2472BACB00081D55 /* WritingEntities.swift */,
				4AC64C3D2472BAE800081D55 /* DeletingEntities.swift */,
			);
			path = Entities;
			sourceTree = "<group>";
		};
		4AC64C482472C43D00081D55 /* Timetable */ = {
			isa = PBXGroup;
			children = (
				4A2338F7243C5BFC002C0746 /* LessonView.swift */,
				4AC64C842479723D00081D55 /* Group */,
				4AC64C852479725500081D55 /* Professor */,
				4AC64C97247A3AE900081D55 /* Place */,
				4AC64C7924767CE200081D55 /* PagingKit */,
			);
			path = Timetable;
			sourceTree = "<group>";
		};
		4AC64C492472C4E000081D55 /* Unused */ = {
			isa = PBXGroup;
			children = (
				4A9207B824606DE200D050EB /* SubgroupProfessorVeiw.swift */,
				4A9207BA24606F2C00D050EB /* SubgroupPlaceView.swift */,
			);
			path = Unused;
			sourceTree = "<group>";
		};
		4AC64C4B2472C5A300081D55 /* Search */ = {
			isa = PBXGroup;
			children = (
				4AC64C4C2472F84300081D55 /* AlertView.swift */,
				4AC64C4E2472F8C400081D55 /* AlertView.xib */,
			);
			path = Search;
			sourceTree = "<group>";
		};
		4AC64C5C24742CBC00081D55 /* Timetable */ = {
			isa = PBXGroup;
			children = (
				4AC64C3F2472BB5F00081D55 /* GettingTimetable.swift */,
				4AC64C5F24742D1800081D55 /* WritingTimetable.swift */,
			);
			path = Timetable;
			sourceTree = "<group>";
		};
		4AC64C5D24742CC900081D55 /* Consultations */ = {
			isa = PBXGroup;
			children = (
				4AC64C412472BB8D00081D55 /* GettingConsultations.swift */,
				4AC64C6124742EC500081D55 /* WritingConsultations.swift */,
			);
			path = Consultations;
			sourceTree = "<group>";
		};
		4AC64C5E24742CD900081D55 /* Session */ = {
			isa = PBXGroup;
			children = (
				4AC64C432472BBAD00081D55 /* GettingSession.swift */,
				4AC64C6324742EFD00081D55 /* WritingSession.swift */,
			);
			path = Session;
			sourceTree = "<group>";
		};
		4AC64C6524750E1800081D55 /* UserDefaults */ = {
			isa = PBXGroup;
			children = (
				4AC64C6624750E8700081D55 /* UserDefaultsWrapper.swift */,
				4AC64C682475159C00081D55 /* UserDefaultsConfig.swift */,
			);
			path = UserDefaults;
			sourceTree = "<group>";
		};
		4AC64C6C24757CCB00081D55 /* Structures */ = {
			isa = PBXGroup;
			children = (
				4AC64C7424757F3C00081D55 /* Group */,
				4AC64C8C2479A6E700081D55 /* Professor */,
				4AC64C9C247A3F9300081D55 /* Place */,
				4AC64C7324757EF500081D55 /* Unused */,
			);
			path = Structures;
			sourceTree = "<group>";
		};
		4AC64C7324757EF500081D55 /* Unused */ = {
			isa = PBXGroup;
			children = (
				4A9207A824604F8200D050EB /* Week.swift */,
				4A9207AA24604FC300D050EB /* Day.swift */,
				4A2338F9243CA860002C0746 /* Lesson.swift */,
			);
			path = Unused;
			sourceTree = "<group>";
		};
		4AC64C7424757F3C00081D55 /* Group */ = {
			isa = PBXGroup;
			children = (
				4AC64C6D24757D1500081D55 /* GroupLesson.swift */,
				4AC64C6F24757D3F00081D55 /* GroupDay.swift */,
				4AC64C7124757D7A00081D55 /* GroupWeek.swift */,
				4AC64C7524757F6400081D55 /* GroupTimetable.swift */,
			);
			path = Group;
			sourceTree = "<group>";
		};
		4AC64C7924767CE200081D55 /* PagingKit */ = {
			isa = PBXGroup;
			children = (
				4A920776245DDEED00D050EB /* MenuCell.swift */,
				4A920778245DDF4000D050EB /* MenuCell.xib */,
			);
			path = PagingKit;
			sourceTree = "<group>";
		};
		4AC64C7A2477B3FB00081D55 /* General */ = {
			isa = PBXGroup;
			children = (
				4AC64C7B2477B44100081D55 /* WrapperViewWithLabel.swift */,
			);
			path = General;
			sourceTree = "<group>";
		};
		4AC64C7D2477C2FD00081D55 /* Session */ = {
			isa = PBXGroup;
			children = (
				4AC64C7E2477C34300081D55 /* SessionViewController.swift */,
			);
			path = Session;
			sourceTree = "<group>";
		};
		4AC64C812477F60000081D55 /* Additional */ = {
			isa = PBXGroup;
			children = (
				4AC64C822477F63D00081D55 /* AdditionalViewController.swift */,
			);
			path = Additional;
			sourceTree = "<group>";
		};
		4AC64C842479723D00081D55 /* Group */ = {
			isa = PBXGroup;
			children = (
				4A9C9139243DCB3E009F67A8 /* GroupSubgroupView.swift */,
				4A9C9137243DCB04009F67A8 /* GroupSubgroupView.xib */,
			);
			path = Group;
			sourceTree = "<group>";
		};
		4AC64C852479725500081D55 /* Professor */ = {
			isa = PBXGroup;
			children = (
				4AC64C862479728700081D55 /* ProfessorSubgroupView.swift */,
				4AC64C882479730100081D55 /* ProfessorSubgroupView.xib */,
			);
			path = Professor;
			sourceTree = "<group>";
		};
		4AC64C8C2479A6E700081D55 /* Professor */ = {
			isa = PBXGroup;
			children = (
				4AC64C8D2479A71000081D55 /* ProfessorLesson.swift */,
				4AC64C912479A72100081D55 /* ProfessorDay.swift */,
				4AC64C8F2479A71800081D55 /* ProfessorWeek.swift */,
				4AC64C932479A72900081D55 /* ProfessorTimetable.swift */,
			);
			path = Professor;
			sourceTree = "<group>";
		};
		4AC64C97247A3AE900081D55 /* Place */ = {
			isa = PBXGroup;
			children = (
				4AC64C98247A3D5600081D55 /* PlaceSubgroupView.swift */,
				4AC64C9A247A3E1C00081D55 /* PlaceSubgroupView.xib */,
			);
			path = Place;
			sourceTree = "<group>";
		};
		4AC64C9C247A3F9300081D55 /* Place */ = {
			isa = PBXGroup;
			children = (
				4AC64C9D247A400700081D55 /* PlaceLesson.swift */,
				4AC64C9F247A400E00081D55 /* PlaceDay.swift */,
				4AC64CA1247A401400081D55 /* PlaceWeek.swift */,
				4AC64CA3247A401C00081D55 /* PlaceTimetable.swift */,
			);
			path = Place;
			sourceTree = "<group>";
		};
		4AC64CA7247AF94200081D55 /* Unused */ = {
			isa = PBXGroup;
			children = (
				4AC64C6A24756A8C00081D55 /* GroupDayViewController.swift */,
				4AC64C8A2479A6C700081D55 /* ProfessorDayViewController.swift */,
				4AC64C95247A3AC100081D55 /* PlaceDayViewController.swift */,
			);
			path = Unused;
			sourceTree = "<group>";
		};
		4AD695102480499300A4A2B7 /* DeteHelper */ = {
			isa = PBXGroup;
			children = (
				4AC64CAA247C3F3200081D55 /* DateHelper.swift */,
				4AD69511248049C600A4A2B7 /* Date+Exnentions.swift */,
				4AD6951324811E7800A4A2B7 /* DateFormatter+shortDateFormatter.swift */,
			);
			path = DeteHelper;
			sourceTree = "<group>";
		};
		65C6908D043D41676AB2D7E3 /* Frameworks */ = {
			isa = PBXGroup;
			children = (
				4A0D13F800DFF7E9ACAE03D3 /* libPods-Timetable.a */,
			);
			name = Frameworks;
			sourceTree = "<group>";
		};
/* End PBXGroup section */

/* Begin PBXNativeTarget section */
		4A2338D6243C58C2002C0746 /* Timetable */ = {
			isa = PBXNativeTarget;
			buildConfigurationList = 4A2338EE243C58C5002C0746 /* Build configuration list for PBXNativeTarget "Timetable" */;
			buildPhases = (
				547C5DB7100B80AB20001E95 /* [CP] Check Pods Manifest.lock */,
				4A2338D3243C58C2002C0746 /* Sources */,
				4A2338D4243C58C2002C0746 /* Frameworks */,
				4A2338D5243C58C2002C0746 /* Resources */,
			);
			buildRules = (
			);
			dependencies = (
			);
			name = Timetable;
			productName = Timetable;
			productReference = 4A2338D7243C58C2002C0746 /* Timetable.app */;
			productType = "com.apple.product-type.application";
		};
/* End PBXNativeTarget section */

/* Begin PBXProject section */
		4A2338CF243C58C2002C0746 /* Project object */ = {
			isa = PBXProject;
			attributes = {
				LastSwiftUpdateCheck = 1130;
				LastUpgradeCheck = 1130;
				ORGANIZATIONNAME = "art-off";
				TargetAttributes = {
					4A2338D6243C58C2002C0746 = {
						CreatedOnToolsVersion = 11.3;
					};
				};
			};
			buildConfigurationList = 4A2338D2243C58C2002C0746 /* Build configuration list for PBXProject "Timetable" */;
			compatibilityVersion = "Xcode 9.3";
			developmentRegion = en;
			hasScannedForEncodings = 0;
			knownRegions = (
				en,
				Base,
			);
			mainGroup = 4A2338CE243C58C2002C0746;
			productRefGroup = 4A2338D8243C58C2002C0746 /* Products */;
			projectDirPath = "";
			projectRoot = "";
			targets = (
				4A2338D6243C58C2002C0746 /* Timetable */,
			);
		};
/* End PBXProject section */

/* Begin PBXResourcesBuildPhase section */
		4A2338D5243C58C2002C0746 /* Resources */ = {
			isa = PBXResourcesBuildPhase;
			buildActionMask = 2147483647;
			files = (
				4A2338EA243C58C5002C0746 /* LaunchScreen.storyboard in Resources */,
				4A2338E7243C58C5002C0746 /* Assets.xcassets in Resources */,
				4AC64C892479730100081D55 /* ProfessorSubgroupView.xib in Resources */,
				4A920779245DDF4000D050EB /* MenuCell.xib in Resources */,
				4AC64C4F2472F8C400081D55 /* AlertView.xib in Resources */,
				4AC64C9B247A3E1D00081D55 /* PlaceSubgroupView.xib in Resources */,
				4A9C9138243DCB04009F67A8 /* GroupSubgroupView.xib in Resources */,
				4A2338E2243C58C2002C0746 /* Main.storyboard in Resources */,
			);
			runOnlyForDeploymentPostprocessing = 0;
		};
/* End PBXResourcesBuildPhase section */

/* Begin PBXShellScriptBuildPhase section */
		547C5DB7100B80AB20001E95 /* [CP] Check Pods Manifest.lock */ = {
			isa = PBXShellScriptBuildPhase;
			buildActionMask = 2147483647;
			files = (
			);
			inputFileListPaths = (
			);
			inputPaths = (
				"${PODS_PODFILE_DIR_PATH}/Podfile.lock",
				"${PODS_ROOT}/Manifest.lock",
			);
			name = "[CP] Check Pods Manifest.lock";
			outputFileListPaths = (
			);
			outputPaths = (
				"$(DERIVED_FILE_DIR)/Pods-Timetable-checkManifestLockResult.txt",
			);
			runOnlyForDeploymentPostprocessing = 0;
			shellPath = /bin/sh;
			shellScript = "diff \"${PODS_PODFILE_DIR_PATH}/Podfile.lock\" \"${PODS_ROOT}/Manifest.lock\" > /dev/null\nif [ $? != 0 ] ; then\n    # print error to STDERR\n    echo \"error: The sandbox is not in sync with the Podfile.lock. Run 'pod install' or update your CocoaPods installation.\" >&2\n    exit 1\nfi\n# This output is used by Xcode 'outputs' to avoid re-running this script phase.\necho \"SUCCESS\" > \"${SCRIPT_OUTPUT_FILE_0}\"\n";
			showEnvVarsInLog = 0;
		};
/* End PBXShellScriptBuildPhase section */

/* Begin PBXSourcesBuildPhase section */
		4A2338D3243C58C2002C0746 /* Sources */ = {
			isa = PBXSourcesBuildPhase;
			buildActionMask = 2147483647;
			files = (
				4A9C913A243DCB3E009F67A8 /* GroupSubgroupView.swift in Sources */,
				4AC64C6424742EFD00081D55 /* WritingSession.swift in Sources */,
				4A415EA024585EED005FADD7 /* RPlaceSession.swift in Sources */,
				4A415E8C24585BE5005FADD7 /* RPlaceWeek.swift in Sources */,
				4AD694FC247EBCCB00A4A2B7 /* Converter.swift in Sources */,
				4AC64C3C2472BACB00081D55 /* WritingEntities.swift in Sources */,
				4A9207AB24604FC300D050EB /* Day.swift in Sources */,
				4A9207AD2460531400D050EB /* Common.swift in Sources */,
				4A415E9C24585EB5005FADD7 /* RProfessorSession.swift in Sources */,
				4AC64CAB247C3F3200081D55 /* DateHelper.swift in Sources */,
				4A87DF7D246EC576007CA804 /* ProfessorsTableViewController.swift in Sources */,
				4AC64C9E247A400700081D55 /* PlaceLesson.swift in Sources */,
				4A87DF7F246ED9AB007CA804 /* PlacesTableViewController.swift in Sources */,
				4A415E692458562D005FADD7 /* RPlace.swift in Sources */,
				4A415E8E24585BF9005FADD7 /* RPlaceTimetable.swift in Sources */,
				4A610863243F0AF3008BCB90 /* UIView+addConstraints.swift in Sources */,
				4A415E7F245859FE005FADD7 /* RProfessorDay.swift in Sources */,
				4A415E7A245859BD005FADD7 /* RProfessorLesson.swift in Sources */,
				4A2338F8243C5BFC002C0746 /* LessonView.swift in Sources */,
				4A920773245DCFF800D050EB /* TimetableViewController.swift in Sources */,
				4A9207B924606DE200D050EB /* SubgroupProfessorVeiw.swift in Sources */,
				4AC345FC2471930D00BAA474 /* RPlace+newObject.swift in Sources */,
				4A920777245DDEED00D050EB /* MenuCell.swift in Sources */,
				4AC64C3A2472BA9100081D55 /* GettingEntities.swift in Sources */,
				4AD69512248049C600A4A2B7 /* Date+Exnentions.swift in Sources */,
				4AC345F42471773400BAA474 /* DetailViewDelegate.swift in Sources */,
				4A9207B7246063A700D050EB /* RProfessorConsultationWeek.swift in Sources */,
				4AC64C6E24757D1500081D55 /* GroupLesson.swift in Sources */,
				4A415E652458561F005FADD7 /* RGroup.swift in Sources */,
				4AD6951424811E7800A4A2B7 /* DateFormatter+shortDateFormatter.swift in Sources */,
				4A415E74245858A0005FADD7 /* RGroupTimetable.swift in Sources */,
				4AC345F8247192A100BAA474 /* RProfessor+newObject.swift in Sources */,
				4AC64C402472BB5F00081D55 /* GettingTimetable.swift in Sources */,
				4AC64C7624757F6400081D55 /* GroupTimetable.swift in Sources */,
				4A415E9E24585ED0005FADD7 /* RPlaceExam.swift in Sources */,
				4AC64C922479A72100081D55 /* ProfessorDay.swift in Sources */,
				4A9207B3246061FD00D050EB /* RProfessorConsultation.swift in Sources */,
				4AC64C902479A71800081D55 /* ProfessorWeek.swift in Sources */,
				4A9207BB24606F2C00D050EB /* SubgroupPlaceView.swift in Sources */,
				4AC64C6B24756A8C00081D55 /* GroupDayViewController.swift in Sources */,
				4A60025F243CD1CC00077C81 /* Colors.swift in Sources */,
				4AC64C99247A3D5600081D55 /* PlaceSubgroupView.swift in Sources */,
				4AC64C352472643600081D55 /* TableViewController.swift in Sources */,
				4A415E9624585E6E005FADD7 /* RGroupExam.swift in Sources */,
				4AC64C422472BB8D00081D55 /* GettingConsultations.swift in Sources */,
				4A9207B1246061AA00D050EB /* RProfessorConsultations.swift in Sources */,
				4AC64CA0247A400E00081D55 /* PlaceDay.swift in Sources */,
				4AC64C4D2472F84300081D55 /* AlertView.swift in Sources */,
				4A6C1CF7246B28890048CD1A /* DetailViewController.swift in Sources */,
				4AC64C3E2472BAE800081D55 /* DeletingEntities.swift in Sources */,
				4A415E702458586B005FADD7 /* RGroupDay.swift in Sources */,
				4AC64C6724750E8800081D55 /* UserDefaultsWrapper.swift in Sources */,
				4AC64C7224757D7A00081D55 /* GroupWeek.swift in Sources */,
				4A2338FA243CA860002C0746 /* Lesson.swift in Sources */,
				4A610865243FAE77008BCB90 /* UIStackView+remove.swift in Sources */,
				4AC64CA2247A401400081D55 /* PlaceWeek.swift in Sources */,
				4A9207A924604F8200D050EB /* Week.swift in Sources */,
				4AC64CA4247A401C00081D55 /* PlaceTimetable.swift in Sources */,
				4A2338DB243C58C2002C0746 /* AppDelegate.swift in Sources */,
				4AC64C7024757D3F00081D55 /* GroupDay.swift in Sources */,
				4AC64C442472BBAD00081D55 /* GettingSession.swift in Sources */,
				4AC64C6024742D1800081D55 /* WritingTimetable.swift in Sources */,
				4AC64C832477F63D00081D55 /* AdditionalViewController.swift in Sources */,
				4AC64C6224742EC500081D55 /* WritingConsultations.swift in Sources */,
				4AC64C7C2477B44100081D55 /* WrapperViewWithLabel.swift in Sources */,
				4AC64C5B2473FAC000081D55 /* UIDevice+vibrate.swift in Sources */,
				4A415E8A24585BD2005FADD7 /* RPlaceDay.swift in Sources */,
				4A415E7224585886005FADD7 /* RGroupWeek.swift in Sources */,
				4AC345F62471922200BAA474 /* RGroup+newObject.swift in Sources */,
				4A9207B5246062D000D050EB /* RProfessorConsultationDay.swift in Sources */,
				4AC64C96247A3AC100081D55 /* PlaceDayViewController.swift in Sources */,
				4A415E8124585A12005FADD7 /* RProfessorWeek.swift in Sources */,
				4A2338DD243C58C2002C0746 /* SceneDelegate.swift in Sources */,
				4A415E9824585E87005FADD7 /* RGroupSession.swift in Sources */,
				4A67A37C245C7BA7003765D2 /* GroupsTableViewController.swift in Sources */,
				4AC64C872479728700081D55 /* ProfessorSubgroupView.swift in Sources */,
				4A415E6E2458584F005FADD7 /* RGroupLesson.swift in Sources */,
				4A415E6724585627005FADD7 /* RProfessor.swift in Sources */,
				4A415EA4245864BF005FADD7 /* Realm+CascadeDeleting.swift in Sources */,
				4AC64C7F2477C34300081D55 /* SessionViewController.swift in Sources */,
				4AC64C692475159C00081D55 /* UserDefaultsConfig.swift in Sources */,
				4A4C94AB245B58E4008105DE /* DataManager.swift in Sources */,
				4A67A375245C49B5003765D2 /* ChoiceSearchViewController.swift in Sources */,
				4AC64CA6247AF72700081D55 /* DayViewController.swift in Sources */,
				4A9207A724604E7900D050EB /* EntitiesType.swift in Sources */,
				4A67CBDB248D28AC00F1D1FA /* API.swift in Sources */,
				4A415E9A24585E9F005FADD7 /* RProfessorExam.swift in Sources */,
				4A9207A424604B2400D050EB /* Notification+Name.swift in Sources */,
				4A415E8324585A28005FADD7 /* RProfessorTimetable.swift in Sources */,
				4A415E8824585B5D005FADD7 /* RPlaceLesson.swift in Sources */,
				4AC64C942479A72900081D55 /* ProfessorTimetable.swift in Sources */,
				4AC64C8B2479A6C700081D55 /* ProfessorDayViewController.swift in Sources */,
				4AC64C8E2479A71000081D55 /* ProfessorLesson.swift in Sources */,
			);
			runOnlyForDeploymentPostprocessing = 0;
		};
/* End PBXSourcesBuildPhase section */

/* Begin PBXVariantGroup section */
		4A2338E0243C58C2002C0746 /* Main.storyboard */ = {
			isa = PBXVariantGroup;
			children = (
				4A2338E1243C58C2002C0746 /* Base */,
			);
			name = Main.storyboard;
			sourceTree = "<group>";
		};
		4A2338E8243C58C5002C0746 /* LaunchScreen.storyboard */ = {
			isa = PBXVariantGroup;
			children = (
				4A2338E9243C58C5002C0746 /* Base */,
			);
			name = LaunchScreen.storyboard;
			sourceTree = "<group>";
		};
/* End PBXVariantGroup section */

/* Begin XCBuildConfiguration section */
		4A2338EC243C58C5002C0746 /* Debug */ = {
			isa = XCBuildConfiguration;
			buildSettings = {
				ALWAYS_SEARCH_USER_PATHS = NO;
				CLANG_ANALYZER_NONNULL = YES;
				CLANG_ANALYZER_NUMBER_OBJECT_CONVERSION = YES_AGGRESSIVE;
				CLANG_CXX_LANGUAGE_STANDARD = "gnu++14";
				CLANG_CXX_LIBRARY = "libc++";
				CLANG_ENABLE_MODULES = YES;
				CLANG_ENABLE_OBJC_ARC = YES;
				CLANG_ENABLE_OBJC_WEAK = YES;
				CLANG_WARN_BLOCK_CAPTURE_AUTORELEASING = YES;
				CLANG_WARN_BOOL_CONVERSION = YES;
				CLANG_WARN_COMMA = YES;
				CLANG_WARN_CONSTANT_CONVERSION = YES;
				CLANG_WARN_DEPRECATED_OBJC_IMPLEMENTATIONS = YES;
				CLANG_WARN_DIRECT_OBJC_ISA_USAGE = YES_ERROR;
				CLANG_WARN_DOCUMENTATION_COMMENTS = YES;
				CLANG_WARN_EMPTY_BODY = YES;
				CLANG_WARN_ENUM_CONVERSION = YES;
				CLANG_WARN_INFINITE_RECURSION = YES;
				CLANG_WARN_INT_CONVERSION = YES;
				CLANG_WARN_NON_LITERAL_NULL_CONVERSION = YES;
				CLANG_WARN_OBJC_IMPLICIT_RETAIN_SELF = YES;
				CLANG_WARN_OBJC_LITERAL_CONVERSION = YES;
				CLANG_WARN_OBJC_ROOT_CLASS = YES_ERROR;
				CLANG_WARN_RANGE_LOOP_ANALYSIS = YES;
				CLANG_WARN_STRICT_PROTOTYPES = YES;
				CLANG_WARN_SUSPICIOUS_MOVE = YES;
				CLANG_WARN_UNGUARDED_AVAILABILITY = YES_AGGRESSIVE;
				CLANG_WARN_UNREACHABLE_CODE = YES;
				CLANG_WARN__DUPLICATE_METHOD_MATCH = YES;
				COPY_PHASE_STRIP = NO;
				DEBUG_INFORMATION_FORMAT = dwarf;
				ENABLE_STRICT_OBJC_MSGSEND = YES;
				ENABLE_TESTABILITY = YES;
				GCC_C_LANGUAGE_STANDARD = gnu11;
				GCC_DYNAMIC_NO_PIC = NO;
				GCC_NO_COMMON_BLOCKS = YES;
				GCC_OPTIMIZATION_LEVEL = 0;
				GCC_PREPROCESSOR_DEFINITIONS = (
					"DEBUG=1",
					"$(inherited)",
				);
				GCC_WARN_64_TO_32_BIT_CONVERSION = YES;
				GCC_WARN_ABOUT_RETURN_TYPE = YES_ERROR;
				GCC_WARN_UNDECLARED_SELECTOR = YES;
				GCC_WARN_UNINITIALIZED_AUTOS = YES_AGGRESSIVE;
				GCC_WARN_UNUSED_FUNCTION = YES;
				GCC_WARN_UNUSED_VARIABLE = YES;
				IPHONEOS_DEPLOYMENT_TARGET = 12.0;
				MTL_ENABLE_DEBUG_INFO = INCLUDE_SOURCE;
				MTL_FAST_MATH = YES;
				ONLY_ACTIVE_ARCH = YES;
				SDKROOT = iphoneos;
				SWIFT_ACTIVE_COMPILATION_CONDITIONS = DEBUG;
				SWIFT_OPTIMIZATION_LEVEL = "-Onone";
			};
			name = Debug;
		};
		4A2338ED243C58C5002C0746 /* Release */ = {
			isa = XCBuildConfiguration;
			buildSettings = {
				ALWAYS_SEARCH_USER_PATHS = NO;
				CLANG_ANALYZER_NONNULL = YES;
				CLANG_ANALYZER_NUMBER_OBJECT_CONVERSION = YES_AGGRESSIVE;
				CLANG_CXX_LANGUAGE_STANDARD = "gnu++14";
				CLANG_CXX_LIBRARY = "libc++";
				CLANG_ENABLE_MODULES = YES;
				CLANG_ENABLE_OBJC_ARC = YES;
				CLANG_ENABLE_OBJC_WEAK = YES;
				CLANG_WARN_BLOCK_CAPTURE_AUTORELEASING = YES;
				CLANG_WARN_BOOL_CONVERSION = YES;
				CLANG_WARN_COMMA = YES;
				CLANG_WARN_CONSTANT_CONVERSION = YES;
				CLANG_WARN_DEPRECATED_OBJC_IMPLEMENTATIONS = YES;
				CLANG_WARN_DIRECT_OBJC_ISA_USAGE = YES_ERROR;
				CLANG_WARN_DOCUMENTATION_COMMENTS = YES;
				CLANG_WARN_EMPTY_BODY = YES;
				CLANG_WARN_ENUM_CONVERSION = YES;
				CLANG_WARN_INFINITE_RECURSION = YES;
				CLANG_WARN_INT_CONVERSION = YES;
				CLANG_WARN_NON_LITERAL_NULL_CONVERSION = YES;
				CLANG_WARN_OBJC_IMPLICIT_RETAIN_SELF = YES;
				CLANG_WARN_OBJC_LITERAL_CONVERSION = YES;
				CLANG_WARN_OBJC_ROOT_CLASS = YES_ERROR;
				CLANG_WARN_RANGE_LOOP_ANALYSIS = YES;
				CLANG_WARN_STRICT_PROTOTYPES = YES;
				CLANG_WARN_SUSPICIOUS_MOVE = YES;
				CLANG_WARN_UNGUARDED_AVAILABILITY = YES_AGGRESSIVE;
				CLANG_WARN_UNREACHABLE_CODE = YES;
				CLANG_WARN__DUPLICATE_METHOD_MATCH = YES;
				COPY_PHASE_STRIP = NO;
				DEBUG_INFORMATION_FORMAT = "dwarf-with-dsym";
				ENABLE_NS_ASSERTIONS = NO;
				ENABLE_STRICT_OBJC_MSGSEND = YES;
				GCC_C_LANGUAGE_STANDARD = gnu11;
				GCC_NO_COMMON_BLOCKS = YES;
				GCC_WARN_64_TO_32_BIT_CONVERSION = YES;
				GCC_WARN_ABOUT_RETURN_TYPE = YES_ERROR;
				GCC_WARN_UNDECLARED_SELECTOR = YES;
				GCC_WARN_UNINITIALIZED_AUTOS = YES_AGGRESSIVE;
				GCC_WARN_UNUSED_FUNCTION = YES;
				GCC_WARN_UNUSED_VARIABLE = YES;
				IPHONEOS_DEPLOYMENT_TARGET = 12.0;
				MTL_ENABLE_DEBUG_INFO = NO;
				MTL_FAST_MATH = YES;
				SDKROOT = iphoneos;
				SWIFT_COMPILATION_MODE = wholemodule;
				SWIFT_OPTIMIZATION_LEVEL = "-O";
				VALIDATE_PRODUCT = YES;
			};
			name = Release;
		};
		4A2338EF243C58C5002C0746 /* Debug */ = {
			isa = XCBuildConfiguration;
			baseConfigurationReference = EEB8593AA93F4C799B58DCA8 /* Pods-Timetable.debug.xcconfig */;
			buildSettings = {
				ASSETCATALOG_COMPILER_APPICON_NAME = AppIcon;
				CODE_SIGN_STYLE = Automatic;
				DEVELOPMENT_TEAM = HM9WL9QKWM;
				INFOPLIST_FILE = Timetable/Info.plist;
				LD_RUNPATH_SEARCH_PATHS = (
					"$(inherited)",
					"@executable_path/Frameworks",
				);
				PRODUCT_BUNDLE_IDENTIFIER = "ooo.Timetable-SibSU";
				PRODUCT_NAME = "$(TARGET_NAME)";
				SWIFT_VERSION = 5.0;
				TARGETED_DEVICE_FAMILY = "1,2";
			};
			name = Debug;
		};
		4A2338F0243C58C5002C0746 /* Release */ = {
			isa = XCBuildConfiguration;
			baseConfigurationReference = C5E21437120D1879818B1CFF /* Pods-Timetable.release.xcconfig */;
			buildSettings = {
				ASSETCATALOG_COMPILER_APPICON_NAME = AppIcon;
				CODE_SIGN_STYLE = Automatic;
				DEVELOPMENT_TEAM = HM9WL9QKWM;
				INFOPLIST_FILE = Timetable/Info.plist;
				LD_RUNPATH_SEARCH_PATHS = (
					"$(inherited)",
					"@executable_path/Frameworks",
				);
				PRODUCT_BUNDLE_IDENTIFIER = "ooo.Timetable-SibSU";
				PRODUCT_NAME = "$(TARGET_NAME)";
				SWIFT_VERSION = 5.0;
				TARGETED_DEVICE_FAMILY = "1,2";
			};
			name = Release;
		};
/* End XCBuildConfiguration section */

/* Begin XCConfigurationList section */
		4A2338D2243C58C2002C0746 /* Build configuration list for PBXProject "Timetable" */ = {
			isa = XCConfigurationList;
			buildConfigurations = (
				4A2338EC243C58C5002C0746 /* Debug */,
				4A2338ED243C58C5002C0746 /* Release */,
			);
			defaultConfigurationIsVisible = 0;
			defaultConfigurationName = Release;
		};
		4A2338EE243C58C5002C0746 /* Build configuration list for PBXNativeTarget "Timetable" */ = {
			isa = XCConfigurationList;
			buildConfigurations = (
				4A2338EF243C58C5002C0746 /* Debug */,
				4A2338F0243C58C5002C0746 /* Release */,
			);
			defaultConfigurationIsVisible = 0;
			defaultConfigurationName = Release;
		};
/* End XCConfigurationList section */
	};
	rootObject = 4A2338CF243C58C2002C0746 /* Project object */;
}
